// !$*UTF8*$!
{
	archiveVersion = 1;
	classes = {
	};
	objectVersion = 51;
	objects = {

/* Begin PBXBuildFile section */
		A5DB7929DFCE8487D4B82248 /* libPods-TuyaAppSDKSample-iOS-ObjC.a in Frameworks */ = {isa = PBXBuildFile; fileRef = 7F9264904FCE531491A81732 /* libPods-TuyaAppSDKSample-iOS-ObjC.a */; };
		AF54CA5025A4191000FCAC1F /* AppDelegate.m in Sources */ = {isa = PBXBuildFile; fileRef = AF54CA4F25A4191000FCAC1F /* AppDelegate.m */; };
		AF54CA5325A4191000FCAC1F /* SceneDelegate.m in Sources */ = {isa = PBXBuildFile; fileRef = AF54CA5225A4191000FCAC1F /* SceneDelegate.m */; };
		AF54CA5925A4191000FCAC1F /* Main.storyboard in Resources */ = {isa = PBXBuildFile; fileRef = AF54CA5725A4191000FCAC1F /* Main.storyboard */; };
		AF54CA5B25A4191A00FCAC1F /* Assets.xcassets in Resources */ = {isa = PBXBuildFile; fileRef = AF54CA5A25A4191A00FCAC1F /* Assets.xcassets */; };
		AF54CA5E25A4191A00FCAC1F /* LaunchScreen.storyboard in Resources */ = {isa = PBXBuildFile; fileRef = AF54CA5C25A4191A00FCAC1F /* LaunchScreen.storyboard */; };
		AF54CA6125A4191A00FCAC1F /* main.m in Sources */ = {isa = PBXBuildFile; fileRef = AF54CA6025A4191A00FCAC1F /* main.m */; };
		AF54CAA225A44C4D00FCAC1F /* t_s.bmp in Resources */ = {isa = PBXBuildFile; fileRef = AF54CAA125A44C4D00FCAC1F /* t_s.bmp */; };
		AF54CAA725A44F0300FCAC1F /* MainTableViewController.m in Sources */ = {isa = PBXBuildFile; fileRef = AF54CAA625A44F0300FCAC1F /* MainTableViewController.m */; };
		AF54CAAE25A4610D00FCAC1F /* RegisterTableViewController.m in Sources */ = {isa = PBXBuildFile; fileRef = AF54CAAD25A4610D00FCAC1F /* RegisterTableViewController.m */; };
		AF54CAB225A46C8000FCAC1F /* LoginTableViewController.m in Sources */ = {isa = PBXBuildFile; fileRef = AF54CAB125A46C8000FCAC1F /* LoginTableViewController.m */; };
/* End PBXBuildFile section */

/* Begin PBXFileReference section */
		294ED4FB8988BB46DF95A857 /* Pods-TuyaAppSDKSample-iOS-ObjC.release.xcconfig */ = {isa = PBXFileReference; includeInIndex = 1; lastKnownFileType = text.xcconfig; name = "Pods-TuyaAppSDKSample-iOS-ObjC.release.xcconfig"; path = "Target Support Files/Pods-TuyaAppSDKSample-iOS-ObjC/Pods-TuyaAppSDKSample-iOS-ObjC.release.xcconfig"; sourceTree = "<group>"; };
		7F9264904FCE531491A81732 /* libPods-TuyaAppSDKSample-iOS-ObjC.a */ = {isa = PBXFileReference; explicitFileType = archive.ar; includeInIndex = 0; path = "libPods-TuyaAppSDKSample-iOS-ObjC.a"; sourceTree = BUILT_PRODUCTS_DIR; };
		AF54CA4B25A4191000FCAC1F /* TuyaAppSDKSample-iOS-ObjC.app */ = {isa = PBXFileReference; explicitFileType = wrapper.application; includeInIndex = 0; path = "TuyaAppSDKSample-iOS-ObjC.app"; sourceTree = BUILT_PRODUCTS_DIR; };
		AF54CA4E25A4191000FCAC1F /* AppDelegate.h */ = {isa = PBXFileReference; lastKnownFileType = sourcecode.c.h; path = AppDelegate.h; sourceTree = "<group>"; };
		AF54CA4F25A4191000FCAC1F /* AppDelegate.m */ = {isa = PBXFileReference; lastKnownFileType = sourcecode.c.objc; path = AppDelegate.m; sourceTree = "<group>"; };
		AF54CA5125A4191000FCAC1F /* SceneDelegate.h */ = {isa = PBXFileReference; lastKnownFileType = sourcecode.c.h; path = SceneDelegate.h; sourceTree = "<group>"; };
		AF54CA5225A4191000FCAC1F /* SceneDelegate.m */ = {isa = PBXFileReference; lastKnownFileType = sourcecode.c.objc; path = SceneDelegate.m; sourceTree = "<group>"; };
		AF54CA5825A4191000FCAC1F /* Base */ = {isa = PBXFileReference; lastKnownFileType = file.storyboard; name = Base; path = Base.lproj/Main.storyboard; sourceTree = "<group>"; };
		AF54CA5A25A4191A00FCAC1F /* Assets.xcassets */ = {isa = PBXFileReference; lastKnownFileType = folder.assetcatalog; path = Assets.xcassets; sourceTree = "<group>"; };
		AF54CA5D25A4191A00FCAC1F /* Base */ = {isa = PBXFileReference; lastKnownFileType = file.storyboard; name = Base; path = Base.lproj/LaunchScreen.storyboard; sourceTree = "<group>"; };
		AF54CA5F25A4191A00FCAC1F /* Info.plist */ = {isa = PBXFileReference; lastKnownFileType = text.plist.xml; path = Info.plist; sourceTree = "<group>"; };
		AF54CA6025A4191A00FCAC1F /* main.m */ = {isa = PBXFileReference; lastKnownFileType = sourcecode.c.objc; path = main.m; sourceTree = "<group>"; };
		AF54CA8925A4426F00FCAC1F /* PrefixHeader.pch */ = {isa = PBXFileReference; lastKnownFileType = sourcecode.c.h; path = PrefixHeader.pch; sourceTree = "<group>"; };
		AF54CAA025A443D800FCAC1F /* AppKey.h */ = {isa = PBXFileReference; lastKnownFileType = sourcecode.c.h; path = AppKey.h; sourceTree = "<group>"; };
		AF54CAA125A44C4D00FCAC1F /* t_s.bmp */ = {isa = PBXFileReference; lastKnownFileType = image.bmp; path = t_s.bmp; sourceTree = "<group>"; };
		AF54CAA525A44F0300FCAC1F /* MainTableViewController.h */ = {isa = PBXFileReference; lastKnownFileType = sourcecode.c.h; path = MainTableViewController.h; sourceTree = "<group>"; };
		AF54CAA625A44F0300FCAC1F /* MainTableViewController.m */ = {isa = PBXFileReference; lastKnownFileType = sourcecode.c.objc; path = MainTableViewController.m; sourceTree = "<group>"; };
		AF54CAAC25A4610D00FCAC1F /* RegisterTableViewController.h */ = {isa = PBXFileReference; lastKnownFileType = sourcecode.c.h; path = RegisterTableViewController.h; sourceTree = "<group>"; };
		AF54CAAD25A4610D00FCAC1F /* RegisterTableViewController.m */ = {isa = PBXFileReference; lastKnownFileType = sourcecode.c.objc; path = RegisterTableViewController.m; sourceTree = "<group>"; };
		AF54CAB025A46C8000FCAC1F /* LoginTableViewController.h */ = {isa = PBXFileReference; lastKnownFileType = sourcecode.c.h; path = LoginTableViewController.h; sourceTree = "<group>"; };
		AF54CAB125A46C8000FCAC1F /* LoginTableViewController.m */ = {isa = PBXFileReference; lastKnownFileType = sourcecode.c.objc; path = LoginTableViewController.m; sourceTree = "<group>"; };
		C9842C2AD6012B1DDF4F810E /* Pods-TuyaAppSDKSample-iOS-ObjC.debug.xcconfig */ = {isa = PBXFileReference; includeInIndex = 1; lastKnownFileType = text.xcconfig; name = "Pods-TuyaAppSDKSample-iOS-ObjC.debug.xcconfig"; path = "Target Support Files/Pods-TuyaAppSDKSample-iOS-ObjC/Pods-TuyaAppSDKSample-iOS-ObjC.debug.xcconfig"; sourceTree = "<group>"; };
/* End PBXFileReference section */

/* Begin PBXFrameworksBuildPhase section */
		AF54CA4825A4191000FCAC1F /* Frameworks */ = {
			isa = PBXFrameworksBuildPhase;
			buildActionMask = 2147483647;
			files = (
				A5DB7929DFCE8487D4B82248 /* libPods-TuyaAppSDKSample-iOS-ObjC.a in Frameworks */,
			);
			runOnlyForDeploymentPostprocessing = 0;
		};
/* End PBXFrameworksBuildPhase section */

/* Begin PBXGroup section */
		89046D2CCA6C224CC0D020FB /* Pods */ = {
			isa = PBXGroup;
			children = (
				C9842C2AD6012B1DDF4F810E /* Pods-TuyaAppSDKSample-iOS-ObjC.debug.xcconfig */,
				294ED4FB8988BB46DF95A857 /* Pods-TuyaAppSDKSample-iOS-ObjC.release.xcconfig */,
			);
			path = Pods;
			sourceTree = "<group>";
		};
		8A3185BBC09AC33FF53185EE /* Frameworks */ = {
			isa = PBXGroup;
			children = (
				7F9264904FCE531491A81732 /* libPods-TuyaAppSDKSample-iOS-ObjC.a */,
			);
			name = Frameworks;
			sourceTree = "<group>";
		};
		AF54CA4225A4191000FCAC1F = {
			isa = PBXGroup;
			children = (
				AF54CA8925A4426F00FCAC1F /* PrefixHeader.pch */,
				AF54CA4D25A4191000FCAC1F /* TuyaAppSDKSample-iOS-ObjC */,
				AF54CA4C25A4191000FCAC1F /* Products */,
				89046D2CCA6C224CC0D020FB /* Pods */,
				8A3185BBC09AC33FF53185EE /* Frameworks */,
			);
			sourceTree = "<group>";
		};
		AF54CA4C25A4191000FCAC1F /* Products */ = {
			isa = PBXGroup;
			children = (
				AF54CA4B25A4191000FCAC1F /* TuyaAppSDKSample-iOS-ObjC.app */,
			);
			name = Products;
			sourceTree = "<group>";
		};
		AF54CA4D25A4191000FCAC1F /* TuyaAppSDKSample-iOS-ObjC */ = {
			isa = PBXGroup;
			children = (
				AF54CAA025A443D800FCAC1F /* AppKey.h */,
				AF54CA4E25A4191000FCAC1F /* AppDelegate.h */,
				AF54CA4F25A4191000FCAC1F /* AppDelegate.m */,
				AF54CA5125A4191000FCAC1F /* SceneDelegate.h */,
				AF54CA5225A4191000FCAC1F /* SceneDelegate.m */,
				AF54CA5725A4191000FCAC1F /* Main.storyboard */,
				AF54CAA525A44F0300FCAC1F /* MainTableViewController.h */,
				AF54CAA625A44F0300FCAC1F /* MainTableViewController.m */,
				AF54CAAC25A4610D00FCAC1F /* RegisterTableViewController.h */,
				AF54CAAD25A4610D00FCAC1F /* RegisterTableViewController.m */,
				AF54CAB025A46C8000FCAC1F /* LoginTableViewController.h */,
				AF54CAB125A46C8000FCAC1F /* LoginTableViewController.m */,
				AF54CA5A25A4191A00FCAC1F /* Assets.xcassets */,
				AF54CA5C25A4191A00FCAC1F /* LaunchScreen.storyboard */,
				AF54CAA125A44C4D00FCAC1F /* t_s.bmp */,
				AF54CA5F25A4191A00FCAC1F /* Info.plist */,
				AF54CA6025A4191A00FCAC1F /* main.m */,
			);
			path = "TuyaAppSDKSample-iOS-ObjC";
			sourceTree = "<group>";
		};
/* End PBXGroup section */

/* Begin PBXNativeTarget section */
		AF54CA4A25A4191000FCAC1F /* TuyaAppSDKSample-iOS-ObjC */ = {
			isa = PBXNativeTarget;
			buildConfigurationList = AF54CA6425A4191A00FCAC1F /* Build configuration list for PBXNativeTarget "TuyaAppSDKSample-iOS-ObjC" */;
			buildPhases = (
				892A7DEB0E897D969C5A7793 /* [CP] Check Pods Manifest.lock */,
				AF54CA4725A4191000FCAC1F /* Sources */,
				AF54CA4825A4191000FCAC1F /* Frameworks */,
				AF54CA4925A4191000FCAC1F /* Resources */,
				F7E1905F5FF4460EB20B270A /* [CP] Embed Pods Frameworks */,
				5E84ECBBCF6ECFF92D2C48FD /* [CP] Copy Pods Resources */,
			);
			buildRules = (
			);
			dependencies = (
			);
			name = "TuyaAppSDKSample-iOS-ObjC";
			productName = "TuyaAppSDKSample-iOS-ObjC";
			productReference = AF54CA4B25A4191000FCAC1F /* TuyaAppSDKSample-iOS-ObjC.app */;
			productType = "com.apple.product-type.application";
		};
/* End PBXNativeTarget section */

/* Begin PBXProject section */
		AF54CA4325A4191000FCAC1F /* Project object */ = {
			isa = PBXProject;
			attributes = {
				LastUpgradeCheck = 1230;
				TargetAttributes = {
					AF54CA4A25A4191000FCAC1F = {
						CreatedOnToolsVersion = 12.3;
					};
				};
			};
			buildConfigurationList = AF54CA4625A4191000FCAC1F /* Build configuration list for PBXProject "TuyaAppSDKSample-iOS-ObjC" */;
			compatibilityVersion = "Xcode 9.3";
			developmentRegion = en;
			hasScannedForEncodings = 0;
			knownRegions = (
				en,
				Base,
			);
			mainGroup = AF54CA4225A4191000FCAC1F;
			productRefGroup = AF54CA4C25A4191000FCAC1F /* Products */;
			projectDirPath = "";
			projectRoot = "";
			targets = (
				AF54CA4A25A4191000FCAC1F /* TuyaAppSDKSample-iOS-ObjC */,
			);
		};
/* End PBXProject section */

/* Begin PBXResourcesBuildPhase section */
		AF54CA4925A4191000FCAC1F /* Resources */ = {
			isa = PBXResourcesBuildPhase;
			buildActionMask = 2147483647;
			files = (
				AF54CA5E25A4191A00FCAC1F /* LaunchScreen.storyboard in Resources */,
				AF54CA5B25A4191A00FCAC1F /* Assets.xcassets in Resources */,
				AF54CAA225A44C4D00FCAC1F /* t_s.bmp in Resources */,
				AF54CA5925A4191000FCAC1F /* Main.storyboard in Resources */,
			);
			runOnlyForDeploymentPostprocessing = 0;
		};
/* End PBXResourcesBuildPhase section */

/* Begin PBXShellScriptBuildPhase section */
		5E84ECBBCF6ECFF92D2C48FD /* [CP] Copy Pods Resources */ = {
			isa = PBXShellScriptBuildPhase;
			buildActionMask = 2147483647;
			files = (
			);
			inputFileListPaths = (
				"${PODS_ROOT}/Target Support Files/Pods-TuyaAppSDKSample-iOS-ObjC/Pods-TuyaAppSDKSample-iOS-ObjC-resources-${CONFIGURATION}-input-files.xcfilelist",
			);
			name = "[CP] Copy Pods Resources";
			outputFileListPaths = (
				"${PODS_ROOT}/Target Support Files/Pods-TuyaAppSDKSample-iOS-ObjC/Pods-TuyaAppSDKSample-iOS-ObjC-resources-${CONFIGURATION}-output-files.xcfilelist",
			);
			runOnlyForDeploymentPostprocessing = 0;
			shellPath = /bin/sh;
			shellScript = "\"${PODS_ROOT}/Target Support Files/Pods-TuyaAppSDKSample-iOS-ObjC/Pods-TuyaAppSDKSample-iOS-ObjC-resources.sh\"\n";
			showEnvVarsInLog = 0;
		};
		892A7DEB0E897D969C5A7793 /* [CP] Check Pods Manifest.lock */ = {
			isa = PBXShellScriptBuildPhase;
			buildActionMask = 2147483647;
			files = (
			);
			inputFileListPaths = (
			);
			inputPaths = (
				"${PODS_PODFILE_DIR_PATH}/Podfile.lock",
				"${PODS_ROOT}/Manifest.lock",
			);
			name = "[CP] Check Pods Manifest.lock";
			outputFileListPaths = (
			);
			outputPaths = (
				"$(DERIVED_FILE_DIR)/Pods-TuyaAppSDKSample-iOS-ObjC-checkManifestLockResult.txt",
			);
			runOnlyForDeploymentPostprocessing = 0;
			shellPath = /bin/sh;
			shellScript = "diff \"${PODS_PODFILE_DIR_PATH}/Podfile.lock\" \"${PODS_ROOT}/Manifest.lock\" > /dev/null\nif [ $? != 0 ] ; then\n    # print error to STDERR\n    echo \"error: The sandbox is not in sync with the Podfile.lock. Run 'pod install' or update your CocoaPods installation.\" >&2\n    exit 1\nfi\n# This output is used by Xcode 'outputs' to avoid re-running this script phase.\necho \"SUCCESS\" > \"${SCRIPT_OUTPUT_FILE_0}\"\n";
			showEnvVarsInLog = 0;
		};
		F7E1905F5FF4460EB20B270A /* [CP] Embed Pods Frameworks */ = {
			isa = PBXShellScriptBuildPhase;
			buildActionMask = 2147483647;
			files = (
			);
			inputFileListPaths = (
				"${PODS_ROOT}/Target Support Files/Pods-TuyaAppSDKSample-iOS-ObjC/Pods-TuyaAppSDKSample-iOS-ObjC-frameworks-${CONFIGURATION}-input-files.xcfilelist",
			);
			name = "[CP] Embed Pods Frameworks";
			outputFileListPaths = (
				"${PODS_ROOT}/Target Support Files/Pods-TuyaAppSDKSample-iOS-ObjC/Pods-TuyaAppSDKSample-iOS-ObjC-frameworks-${CONFIGURATION}-output-files.xcfilelist",
			);
			runOnlyForDeploymentPostprocessing = 0;
			shellPath = /bin/sh;
			shellScript = "\"${PODS_ROOT}/Target Support Files/Pods-TuyaAppSDKSample-iOS-ObjC/Pods-TuyaAppSDKSample-iOS-ObjC-frameworks.sh\"\n";
			showEnvVarsInLog = 0;
		};
/* End PBXShellScriptBuildPhase section */

/* Begin PBXSourcesBuildPhase section */
		AF54CA4725A4191000FCAC1F /* Sources */ = {
			isa = PBXSourcesBuildPhase;
			buildActionMask = 2147483647;
			files = (
				AF54CAA725A44F0300FCAC1F /* MainTableViewController.m in Sources */,
				AF54CAB225A46C8000FCAC1F /* LoginTableViewController.m in Sources */,
				AF54CAAE25A4610D00FCAC1F /* RegisterTableViewController.m in Sources */,
				AF54CA5025A4191000FCAC1F /* AppDelegate.m in Sources */,
				AF54CA6125A4191A00FCAC1F /* main.m in Sources */,
				AF54CA5325A4191000FCAC1F /* SceneDelegate.m in Sources */,
			);
			runOnlyForDeploymentPostprocessing = 0;
		};
/* End PBXSourcesBuildPhase section */

/* Begin PBXVariantGroup section */
		AF54CA5725A4191000FCAC1F /* Main.storyboard */ = {
			isa = PBXVariantGroup;
			children = (
				AF54CA5825A4191000FCAC1F /* Base */,
			);
			name = Main.storyboard;
			sourceTree = "<group>";
		};
		AF54CA5C25A4191A00FCAC1F /* LaunchScreen.storyboard */ = {
			isa = PBXVariantGroup;
			children = (
				AF54CA5D25A4191A00FCAC1F /* Base */,
			);
			name = LaunchScreen.storyboard;
			sourceTree = "<group>";
		};
/* End PBXVariantGroup section */

/* Begin XCBuildConfiguration section */
		AF54CA6225A4191A00FCAC1F /* Debug */ = {
			isa = XCBuildConfiguration;
			buildSettings = {
				ALWAYS_SEARCH_USER_PATHS = NO;
				CLANG_ANALYZER_NONNULL = YES;
				CLANG_ANALYZER_NUMBER_OBJECT_CONVERSION = YES_AGGRESSIVE;
				CLANG_CXX_LANGUAGE_STANDARD = "gnu++14";
				CLANG_CXX_LIBRARY = "libc++";
				CLANG_ENABLE_MODULES = YES;
				CLANG_ENABLE_OBJC_ARC = YES;
				CLANG_ENABLE_OBJC_WEAK = YES;
				CLANG_WARN_BLOCK_CAPTURE_AUTORELEASING = YES;
				CLANG_WARN_BOOL_CONVERSION = YES;
				CLANG_WARN_COMMA = YES;
				CLANG_WARN_CONSTANT_CONVERSION = YES;
				CLANG_WARN_DEPRECATED_OBJC_IMPLEMENTATIONS = YES;
				CLANG_WARN_DIRECT_OBJC_ISA_USAGE = YES_ERROR;
				CLANG_WARN_DOCUMENTATION_COMMENTS = YES;
				CLANG_WARN_EMPTY_BODY = YES;
				CLANG_WARN_ENUM_CONVERSION = YES;
				CLANG_WARN_INFINITE_RECURSION = YES;
				CLANG_WARN_INT_CONVERSION = YES;
				CLANG_WARN_NON_LITERAL_NULL_CONVERSION = YES;
				CLANG_WARN_OBJC_IMPLICIT_RETAIN_SELF = YES;
				CLANG_WARN_OBJC_LITERAL_CONVERSION = YES;
				CLANG_WARN_OBJC_ROOT_CLASS = YES_ERROR;
				CLANG_WARN_QUOTED_INCLUDE_IN_FRAMEWORK_HEADER = YES;
				CLANG_WARN_RANGE_LOOP_ANALYSIS = YES;
				CLANG_WARN_STRICT_PROTOTYPES = YES;
				CLANG_WARN_SUSPICIOUS_MOVE = YES;
				CLANG_WARN_UNGUARDED_AVAILABILITY = YES_AGGRESSIVE;
				CLANG_WARN_UNREACHABLE_CODE = YES;
				CLANG_WARN__DUPLICATE_METHOD_MATCH = YES;
				COPY_PHASE_STRIP = NO;
				DEBUG_INFORMATION_FORMAT = dwarf;
				ENABLE_STRICT_OBJC_MSGSEND = YES;
				ENABLE_TESTABILITY = YES;
				GCC_C_LANGUAGE_STANDARD = gnu11;
				GCC_DYNAMIC_NO_PIC = NO;
				GCC_NO_COMMON_BLOCKS = YES;
				GCC_OPTIMIZATION_LEVEL = 0;
				GCC_PREPROCESSOR_DEFINITIONS = (
					"DEBUG=1",
					"$(inherited)",
				);
				GCC_WARN_64_TO_32_BIT_CONVERSION = YES;
				GCC_WARN_ABOUT_RETURN_TYPE = YES_ERROR;
				GCC_WARN_UNDECLARED_SELECTOR = YES;
				GCC_WARN_UNINITIALIZED_AUTOS = YES_AGGRESSIVE;
				GCC_WARN_UNUSED_FUNCTION = YES;
				GCC_WARN_UNUSED_VARIABLE = YES;
				IPHONEOS_DEPLOYMENT_TARGET = 14.3;
				MTL_ENABLE_DEBUG_INFO = INCLUDE_SOURCE;
				MTL_FAST_MATH = YES;
				ONLY_ACTIVE_ARCH = YES;
				SDKROOT = iphoneos;
			};
			name = Debug;
		};
		AF54CA6325A4191A00FCAC1F /* Release */ = {
			isa = XCBuildConfiguration;
			buildSettings = {
				ALWAYS_SEARCH_USER_PATHS = NO;
				CLANG_ANALYZER_NONNULL = YES;
				CLANG_ANALYZER_NUMBER_OBJECT_CONVERSION = YES_AGGRESSIVE;
				CLANG_CXX_LANGUAGE_STANDARD = "gnu++14";
				CLANG_CXX_LIBRARY = "libc++";
				CLANG_ENABLE_MODULES = YES;
				CLANG_ENABLE_OBJC_ARC = YES;
				CLANG_ENABLE_OBJC_WEAK = YES;
				CLANG_WARN_BLOCK_CAPTURE_AUTORELEASING = YES;
				CLANG_WARN_BOOL_CONVERSION = YES;
				CLANG_WARN_COMMA = YES;
				CLANG_WARN_CONSTANT_CONVERSION = YES;
				CLANG_WARN_DEPRECATED_OBJC_IMPLEMENTATIONS = YES;
				CLANG_WARN_DIRECT_OBJC_ISA_USAGE = YES_ERROR;
				CLANG_WARN_DOCUMENTATION_COMMENTS = YES;
				CLANG_WARN_EMPTY_BODY = YES;
				CLANG_WARN_ENUM_CONVERSION = YES;
				CLANG_WARN_INFINITE_RECURSION = YES;
				CLANG_WARN_INT_CONVERSION = YES;
				CLANG_WARN_NON_LITERAL_NULL_CONVERSION = YES;
				CLANG_WARN_OBJC_IMPLICIT_RETAIN_SELF = YES;
				CLANG_WARN_OBJC_LITERAL_CONVERSION = YES;
				CLANG_WARN_OBJC_ROOT_CLASS = YES_ERROR;
				CLANG_WARN_QUOTED_INCLUDE_IN_FRAMEWORK_HEADER = YES;
				CLANG_WARN_RANGE_LOOP_ANALYSIS = YES;
				CLANG_WARN_STRICT_PROTOTYPES = YES;
				CLANG_WARN_SUSPICIOUS_MOVE = YES;
				CLANG_WARN_UNGUARDED_AVAILABILITY = YES_AGGRESSIVE;
				CLANG_WARN_UNREACHABLE_CODE = YES;
				CLANG_WARN__DUPLICATE_METHOD_MATCH = YES;
				COPY_PHASE_STRIP = NO;
				DEBUG_INFORMATION_FORMAT = "dwarf-with-dsym";
				ENABLE_NS_ASSERTIONS = NO;
				ENABLE_STRICT_OBJC_MSGSEND = YES;
				GCC_C_LANGUAGE_STANDARD = gnu11;
				GCC_NO_COMMON_BLOCKS = YES;
				GCC_WARN_64_TO_32_BIT_CONVERSION = YES;
				GCC_WARN_ABOUT_RETURN_TYPE = YES_ERROR;
				GCC_WARN_UNDECLARED_SELECTOR = YES;
				GCC_WARN_UNINITIALIZED_AUTOS = YES_AGGRESSIVE;
				GCC_WARN_UNUSED_FUNCTION = YES;
				GCC_WARN_UNUSED_VARIABLE = YES;
				IPHONEOS_DEPLOYMENT_TARGET = 14.3;
				MTL_ENABLE_DEBUG_INFO = NO;
				MTL_FAST_MATH = YES;
				SDKROOT = iphoneos;
				VALIDATE_PRODUCT = YES;
			};
			name = Release;
		};
		AF54CA6525A4191A00FCAC1F /* Debug */ = {
			isa = XCBuildConfiguration;
			baseConfigurationReference = C9842C2AD6012B1DDF4F810E /* Pods-TuyaAppSDKSample-iOS-ObjC.debug.xcconfig */;
			buildSettings = {
				ASSETCATALOG_COMPILER_APPICON_NAME = AppIcon;
				ASSETCATALOG_COMPILER_GLOBAL_ACCENT_COLOR_NAME = AccentColor;
				CODE_SIGN_STYLE = Automatic;
				DEVELOPMENT_TEAM = 64ZYG66RMG;
				GCC_PRECOMPILE_PREFIX_HEADER = YES;
				GCC_PREFIX_HEADER = "$(SRCROOT)/PrefixHeader.pch";
				INFOPLIST_FILE = "TuyaAppSDKSample-iOS-ObjC/Info.plist";
				IPHONEOS_DEPLOYMENT_TARGET = 12.0;
				LD_RUNPATH_SEARCH_PATHS = (
					"$(inherited)",
					"@executable_path/Frameworks",
				);
				PRODUCT_BUNDLE_IDENTIFIER = "com.dasautoooo.SDK-Sample";
				PRODUCT_NAME = "$(TARGET_NAME)";
				TARGETED_DEVICE_FAMILY = 1;
			};
			name = Debug;
		};
		AF54CA6625A4191A00FCAC1F /* Release */ = {
			isa = XCBuildConfiguration;
			baseConfigurationReference = 294ED4FB8988BB46DF95A857 /* Pods-TuyaAppSDKSample-iOS-ObjC.release.xcconfig */;
			buildSettings = {
				ASSETCATALOG_COMPILER_APPICON_NAME = AppIcon;
				ASSETCATALOG_COMPILER_GLOBAL_ACCENT_COLOR_NAME = AccentColor;
				CODE_SIGN_STYLE = Automatic;
				DEVELOPMENT_TEAM = 64ZYG66RMG;
				GCC_PRECOMPILE_PREFIX_HEADER = YES;
				GCC_PREFIX_HEADER = "$(SRCROOT)/PrefixHeader.pch";
				INFOPLIST_FILE = "TuyaAppSDKSample-iOS-ObjC/Info.plist";
				IPHONEOS_DEPLOYMENT_TARGET = 12.0;
				LD_RUNPATH_SEARCH_PATHS = (
					"$(inherited)",
					"@executable_path/Frameworks",
				);
				PRODUCT_BUNDLE_IDENTIFIER = "com.dasautoooo.SDK-Sample";
				PRODUCT_NAME = "$(TARGET_NAME)";
				TARGETED_DEVICE_FAMILY = 1;
			};
			name = Release;
		};
/* End XCBuildConfiguration section */

/* Begin XCConfigurationList section */
		AF54CA4625A4191000FCAC1F /* Build configuration list for PBXProject "TuyaAppSDKSample-iOS-ObjC" */ = {
			isa = XCConfigurationList;
			buildConfigurations = (
				AF54CA6225A4191A00FCAC1F /* Debug */,
				AF54CA6325A4191A00FCAC1F /* Release */,
			);
			defaultConfigurationIsVisible = 0;
			defaultConfigurationName = Release;
		};
		AF54CA6425A4191A00FCAC1F /* Build configuration list for PBXNativeTarget "TuyaAppSDKSample-iOS-ObjC" */ = {
			isa = XCConfigurationList;
			buildConfigurations = (
				AF54CA6525A4191A00FCAC1F /* Debug */,
				AF54CA6625A4191A00FCAC1F /* Release */,
			);
			defaultConfigurationIsVisible = 0;
			defaultConfigurationName = Release;
		};
/* End XCConfigurationList section */
	};
	rootObject = AF54CA4325A4191000FCAC1F /* Project object */;
}
