// !$*UTF8*$!
{
	archiveVersion = 1;
	classes = {
	};
	objectVersion = 51;
	objects = {

/* Begin PBXBuildFile section */
		3485436425C2631E00F1EF21 /* SwitchHome.storyboard in Resources */ = {isa = PBXBuildFile; fileRef = 3485435A25C2631D00F1EF21 /* SwitchHome.storyboard */; };
		3485436525C2631E00F1EF21 /* APMode.storyboard in Resources */ = {isa = PBXBuildFile; fileRef = 3485435C25C2631D00F1EF21 /* APMode.storyboard */; };
		3485436625C2631E00F1EF21 /* DeviceList.storyboard in Resources */ = {isa = PBXBuildFile; fileRef = 3485435E25C2631D00F1EF21 /* DeviceList.storyboard */; };
		3485436725C2631E00F1EF21 /* EZMode.storyboard in Resources */ = {isa = PBXBuildFile; fileRef = 3485436025C2631D00F1EF21 /* EZMode.storyboard */; };
		3485436825C2631E00F1EF21 /* NewHome.storyboard in Resources */ = {isa = PBXBuildFile; fileRef = 3485436225C2631D00F1EF21 /* NewHome.storyboard */; };
		3485436C25C2638100F1EF21 /* HomeList.storyboard in Resources */ = {isa = PBXBuildFile; fileRef = 3485436A25C2638000F1EF21 /* HomeList.storyboard */; };
		3485438025C267BA00F1EF21 /* InfoPlist.strings in Resources */ = {isa = PBXBuildFile; fileRef = 3485437C25C267BA00F1EF21 /* InfoPlist.strings */; };
		3485438125C267BA00F1EF21 /* Localizable.strings in Resources */ = {isa = PBXBuildFile; fileRef = 3485437E25C267BA00F1EF21 /* Localizable.strings */; };
		3485438725C2995700F1EF21 /* EZModeTableViewController.m in Sources */ = {isa = PBXBuildFile; fileRef = 3485438625C2995700F1EF21 /* EZModeTableViewController.m */; };
		348543A325C2AAF000F1EF21 /* DeviceListTableViewController.m in Sources */ = {isa = PBXBuildFile; fileRef = 348543A225C2AAEF00F1EF21 /* DeviceListTableViewController.m */; };
		348543A725C2AF1B00F1EF21 /* DeviceControlTableViewController.m in Sources */ = {isa = PBXBuildFile; fileRef = 348543A625C2AF1B00F1EF21 /* DeviceControlTableViewController.m */; };
		348543AB25C2B8EB00F1EF21 /* DeviceControlCellHelper.m in Sources */ = {isa = PBXBuildFile; fileRef = 348543AA25C2B8EB00F1EF21 /* DeviceControlCellHelper.m */; };
		348543B025C2BDA700F1EF21 /* DeviceStatusBehaveCell.m in Sources */ = {isa = PBXBuildFile; fileRef = 348543AF25C2BDA700F1EF21 /* DeviceStatusBehaveCell.m */; };
		348543B525C2C25D00F1EF21 /* NotificationName.m in Sources */ = {isa = PBXBuildFile; fileRef = 348543B425C2C25D00F1EF21 /* NotificationName.m */; };
		348543BA25C2C2E300F1EF21 /* SwitchTableViewCell.m in Sources */ = {isa = PBXBuildFile; fileRef = 348543B925C2C2E300F1EF21 /* SwitchTableViewCell.m */; };
		348543BE25C2C6AE00F1EF21 /* SliderTableViewCell.m in Sources */ = {isa = PBXBuildFile; fileRef = 348543BD25C2C6AE00F1EF21 /* SliderTableViewCell.m */; };
		348543C225C2C80100F1EF21 /* EnumTableViewCell.m in Sources */ = {isa = PBXBuildFile; fileRef = 348543C125C2C80100F1EF21 /* EnumTableViewCell.m */; };
		348543C625C2CBDA00F1EF21 /* StringTableViewCell.m in Sources */ = {isa = PBXBuildFile; fileRef = 348543C525C2CBDA00F1EF21 /* StringTableViewCell.m */; };
		348543CA25C2CD6400F1EF21 /* LabelTableViewCell.m in Sources */ = {isa = PBXBuildFile; fileRef = 348543C925C2CD6400F1EF21 /* LabelTableViewCell.m */; };
		348543CE25C2DE5C00F1EF21 /* APModeTableViewController.m in Sources */ = {isa = PBXBuildFile; fileRef = 348543CD25C2DE5B00F1EF21 /* APModeTableViewController.m */; };
		34FF2C6725AE8B6100152CA6 /* TuyaSmartMain.storyboard in Resources */ = {isa = PBXBuildFile; fileRef = 34FF2C6525AE8B6100152CA6 /* TuyaSmartMain.storyboard */; };
		34FF2C6B25AE8CC900152CA6 /* MainViewController.m in Sources */ = {isa = PBXBuildFile; fileRef = 34FF2C6A25AE8CC900152CA6 /* MainViewController.m */; };
		34FF2CB025AE90C800152CA6 /* UIButton+Extensions.m in Sources */ = {isa = PBXBuildFile; fileRef = 34FF2CAF25AE90C800152CA6 /* UIButton+Extensions.m */; };
		34FF2CB525AE947200152CA6 /* Main.storyboard in Resources */ = {isa = PBXBuildFile; fileRef = 34FF2CB325AE947200152CA6 /* Main.storyboard */; };
		34FF2DF525B02A7C00152CA6 /* Home.m in Sources */ = {isa = PBXBuildFile; fileRef = 34FF2DF425B02A7B00152CA6 /* Home.m */; };
		34FF2DFA25B02DB600152CA6 /* NewHomeTableViewController.m in Sources */ = {isa = PBXBuildFile; fileRef = 34FF2DF925B02DB600152CA6 /* NewHomeTableViewController.m */; };
		34FF2DFE25B0345500152CA6 /* SwitchHomeTableViewController.m in Sources */ = {isa = PBXBuildFile; fileRef = 34FF2DFD25B0345500152CA6 /* SwitchHomeTableViewController.m */; };
		34FF2E0225B03C2C00152CA6 /* HomeListTableViewController.m in Sources */ = {isa = PBXBuildFile; fileRef = 34FF2E0125B03C2C00152CA6 /* HomeListTableViewController.m */; };
		34FF2E0625B03E7300152CA6 /* HomeDetailTableViewController.m in Sources */ = {isa = PBXBuildFile; fileRef = 34FF2E0525B03E7300152CA6 /* HomeDetailTableViewController.m */; };
		34FF2E0A25B0649200152CA6 /* EditHomeTableViewController.m in Sources */ = {isa = PBXBuildFile; fileRef = 34FF2E0925B0649100152CA6 /* EditHomeTableViewController.m */; };
		A5DB7929DFCE8487D4B82248 /* libPods-TuyaAppSDKSample-iOS-ObjC.a in Frameworks */ = {isa = PBXBuildFile; fileRef = 7F9264904FCE531491A81732 /* libPods-TuyaAppSDKSample-iOS-ObjC.a */; };
		AF54CA5025A4191000FCAC1F /* AppDelegate.m in Sources */ = {isa = PBXBuildFile; fileRef = AF54CA4F25A4191000FCAC1F /* AppDelegate.m */; };
		AF54CA5325A4191000FCAC1F /* SceneDelegate.m in Sources */ = {isa = PBXBuildFile; fileRef = AF54CA5225A4191000FCAC1F /* SceneDelegate.m */; };
		AF54CA5B25A4191A00FCAC1F /* Assets.xcassets in Resources */ = {isa = PBXBuildFile; fileRef = AF54CA5A25A4191A00FCAC1F /* Assets.xcassets */; };
		AF54CA5E25A4191A00FCAC1F /* LaunchScreen.storyboard in Resources */ = {isa = PBXBuildFile; fileRef = AF54CA5C25A4191A00FCAC1F /* LaunchScreen.storyboard */; };
		AF54CA6125A4191A00FCAC1F /* main.m in Sources */ = {isa = PBXBuildFile; fileRef = AF54CA6025A4191A00FCAC1F /* main.m */; };
		AF54CAA225A44C4D00FCAC1F /* t_s.bmp in Resources */ = {isa = PBXBuildFile; fileRef = AF54CAA125A44C4D00FCAC1F /* t_s.bmp */; };
		AF54CAA725A44F0300FCAC1F /* MainTableViewController.m in Sources */ = {isa = PBXBuildFile; fileRef = AF54CAA625A44F0300FCAC1F /* MainTableViewController.m */; };
		AF54CAAE25A4610D00FCAC1F /* RegisterTableViewController.m in Sources */ = {isa = PBXBuildFile; fileRef = AF54CAAD25A4610D00FCAC1F /* RegisterTableViewController.m */; };
		AF54CAB225A46C8000FCAC1F /* LoginTableViewController.m in Sources */ = {isa = PBXBuildFile; fileRef = AF54CAB125A46C8000FCAC1F /* LoginTableViewController.m */; };
		AF5531AE25A5599200E13562 /* ResetPasswordTableViewController.m in Sources */ = {isa = PBXBuildFile; fileRef = AF5531AD25A5599200E13562 /* ResetPasswordTableViewController.m */; };
		AF5531B325A55F9400E13562 /* Register.storyboard in Resources */ = {isa = PBXBuildFile; fileRef = AF5531B125A55F9400E13562 /* Register.storyboard */; };
		AF5531BD25A5601E00E13562 /* Login.storyboard in Resources */ = {isa = PBXBuildFile; fileRef = AF5531BB25A5601E00E13562 /* Login.storyboard */; };
		AF5531C525A5620900E13562 /* UserInformationTableViewController.m in Sources */ = {isa = PBXBuildFile; fileRef = AF5531C425A5620900E13562 /* UserInformationTableViewController.m */; };
		AF5531CA25A564EE00E13562 /* UserInformation.storyboard in Resources */ = {isa = PBXBuildFile; fileRef = AF5531C825A564EE00E13562 /* UserInformation.storyboard */; };
		AF5531D025A58F8A00E13562 /* Alert.m in Sources */ = {isa = PBXBuildFile; fileRef = AF5531CF25A58F8A00E13562 /* Alert.m */; };
/* End PBXBuildFile section */

/* Begin PBXFileReference section */
		294ED4FB8988BB46DF95A857 /* Pods-TuyaAppSDKSample-iOS-ObjC.release.xcconfig */ = {isa = PBXFileReference; includeInIndex = 1; lastKnownFileType = text.xcconfig; name = "Pods-TuyaAppSDKSample-iOS-ObjC.release.xcconfig"; path = "Target Support Files/Pods-TuyaAppSDKSample-iOS-ObjC/Pods-TuyaAppSDKSample-iOS-ObjC.release.xcconfig"; sourceTree = "<group>"; };
		3485435B25C2631D00F1EF21 /* Base */ = {isa = PBXFileReference; lastKnownFileType = file.storyboard; name = Base; path = Base.lproj/SwitchHome.storyboard; sourceTree = "<group>"; };
		3485435D25C2631D00F1EF21 /* Base */ = {isa = PBXFileReference; lastKnownFileType = file.storyboard; name = Base; path = Base.lproj/APMode.storyboard; sourceTree = "<group>"; };
		3485435F25C2631D00F1EF21 /* Base */ = {isa = PBXFileReference; lastKnownFileType = file.storyboard; name = Base; path = Base.lproj/DeviceList.storyboard; sourceTree = "<group>"; };
		3485436125C2631D00F1EF21 /* Base */ = {isa = PBXFileReference; lastKnownFileType = file.storyboard; name = Base; path = Base.lproj/EZMode.storyboard; sourceTree = "<group>"; };
		3485436325C2631D00F1EF21 /* Base */ = {isa = PBXFileReference; lastKnownFileType = file.storyboard; name = Base; path = Base.lproj/NewHome.storyboard; sourceTree = "<group>"; };
		3485436B25C2638000F1EF21 /* Base */ = {isa = PBXFileReference; lastKnownFileType = file.storyboard; name = Base; path = Base.lproj/HomeList.storyboard; sourceTree = "<group>"; };
		3485436F25C2672200F1EF21 /* zh-Hans */ = {isa = PBXFileReference; lastKnownFileType = text.plist.strings; name = "zh-Hans"; path = "zh-Hans.lproj/Main.strings"; sourceTree = "<group>"; };
		3485437025C2672300F1EF21 /* zh-Hans */ = {isa = PBXFileReference; lastKnownFileType = text.plist.strings; name = "zh-Hans"; path = "zh-Hans.lproj/TuyaSmartMain.strings"; sourceTree = "<group>"; };
		3485437125C2672300F1EF21 /* zh-Hans */ = {isa = PBXFileReference; lastKnownFileType = text.plist.strings; name = "zh-Hans"; path = "zh-Hans.lproj/LaunchScreen.strings"; sourceTree = "<group>"; };
		3485437225C2672400F1EF21 /* zh-Hans */ = {isa = PBXFileReference; lastKnownFileType = text.plist.strings; name = "zh-Hans"; path = "zh-Hans.lproj/Register.strings"; sourceTree = "<group>"; };
		3485437325C2672500F1EF21 /* zh-Hans */ = {isa = PBXFileReference; lastKnownFileType = text.plist.strings; name = "zh-Hans"; path = "zh-Hans.lproj/Login.strings"; sourceTree = "<group>"; };
		3485437425C2672600F1EF21 /* zh-Hans */ = {isa = PBXFileReference; lastKnownFileType = text.plist.strings; name = "zh-Hans"; path = "zh-Hans.lproj/UserInformation.strings"; sourceTree = "<group>"; };
		3485437525C2672700F1EF21 /* zh-Hans */ = {isa = PBXFileReference; lastKnownFileType = text.plist.strings; name = "zh-Hans"; path = "zh-Hans.lproj/NewHome.strings"; sourceTree = "<group>"; };
		3485437625C2672700F1EF21 /* zh-Hans */ = {isa = PBXFileReference; lastKnownFileType = text.plist.strings; name = "zh-Hans"; path = "zh-Hans.lproj/SwitchHome.strings"; sourceTree = "<group>"; };
		3485437725C2672800F1EF21 /* zh-Hans */ = {isa = PBXFileReference; lastKnownFileType = text.plist.strings; name = "zh-Hans"; path = "zh-Hans.lproj/HomeList.strings"; sourceTree = "<group>"; };
		3485437825C2672800F1EF21 /* zh-Hans */ = {isa = PBXFileReference; lastKnownFileType = text.plist.strings; name = "zh-Hans"; path = "zh-Hans.lproj/EZMode.strings"; sourceTree = "<group>"; };
		3485437925C2672800F1EF21 /* zh-Hans */ = {isa = PBXFileReference; lastKnownFileType = text.plist.strings; name = "zh-Hans"; path = "zh-Hans.lproj/APMode.strings"; sourceTree = "<group>"; };
		3485437A25C2672900F1EF21 /* zh-Hans */ = {isa = PBXFileReference; lastKnownFileType = text.plist.strings; name = "zh-Hans"; path = "zh-Hans.lproj/DeviceList.strings"; sourceTree = "<group>"; };
		3485437D25C267BA00F1EF21 /* zh-Hans */ = {isa = PBXFileReference; lastKnownFileType = text.plist.strings; name = "zh-Hans"; path = "zh-Hans.lproj/InfoPlist.strings"; sourceTree = "<group>"; };
		3485437F25C267BA00F1EF21 /* zh-Hans */ = {isa = PBXFileReference; lastKnownFileType = text.plist.strings; name = "zh-Hans"; path = "zh-Hans.lproj/Localizable.strings"; sourceTree = "<group>"; };
		3485438525C2995700F1EF21 /* EZModeTableViewController.h */ = {isa = PBXFileReference; lastKnownFileType = sourcecode.c.h; path = EZModeTableViewController.h; sourceTree = "<group>"; };
		3485438625C2995700F1EF21 /* EZModeTableViewController.m */ = {isa = PBXFileReference; lastKnownFileType = sourcecode.c.objc; path = EZModeTableViewController.m; sourceTree = "<group>"; };
		348543A125C2AAEF00F1EF21 /* DeviceListTableViewController.h */ = {isa = PBXFileReference; lastKnownFileType = sourcecode.c.h; path = DeviceListTableViewController.h; sourceTree = "<group>"; };
		348543A225C2AAEF00F1EF21 /* DeviceListTableViewController.m */ = {isa = PBXFileReference; lastKnownFileType = sourcecode.c.objc; path = DeviceListTableViewController.m; sourceTree = "<group>"; };
		348543A525C2AF1B00F1EF21 /* DeviceControlTableViewController.h */ = {isa = PBXFileReference; lastKnownFileType = sourcecode.c.h; path = DeviceControlTableViewController.h; sourceTree = "<group>"; };
		348543A625C2AF1B00F1EF21 /* DeviceControlTableViewController.m */ = {isa = PBXFileReference; lastKnownFileType = sourcecode.c.objc; path = DeviceControlTableViewController.m; sourceTree = "<group>"; };
		348543A925C2B8EB00F1EF21 /* DeviceControlCellHelper.h */ = {isa = PBXFileReference; lastKnownFileType = sourcecode.c.h; path = DeviceControlCellHelper.h; sourceTree = "<group>"; };
		348543AA25C2B8EB00F1EF21 /* DeviceControlCellHelper.m */ = {isa = PBXFileReference; lastKnownFileType = sourcecode.c.objc; path = DeviceControlCellHelper.m; sourceTree = "<group>"; };
		348543AE25C2BDA700F1EF21 /* DeviceStatusBehaveCell.h */ = {isa = PBXFileReference; lastKnownFileType = sourcecode.c.h; path = DeviceStatusBehaveCell.h; sourceTree = "<group>"; };
		348543AF25C2BDA700F1EF21 /* DeviceStatusBehaveCell.m */ = {isa = PBXFileReference; lastKnownFileType = sourcecode.c.objc; path = DeviceStatusBehaveCell.m; sourceTree = "<group>"; };
		348543B325C2C25D00F1EF21 /* NotificationName.h */ = {isa = PBXFileReference; lastKnownFileType = sourcecode.c.h; path = NotificationName.h; sourceTree = "<group>"; };
		348543B425C2C25D00F1EF21 /* NotificationName.m */ = {isa = PBXFileReference; lastKnownFileType = sourcecode.c.objc; path = NotificationName.m; sourceTree = "<group>"; };
		348543B825C2C2E300F1EF21 /* SwitchTableViewCell.h */ = {isa = PBXFileReference; lastKnownFileType = sourcecode.c.h; path = SwitchTableViewCell.h; sourceTree = "<group>"; };
		348543B925C2C2E300F1EF21 /* SwitchTableViewCell.m */ = {isa = PBXFileReference; lastKnownFileType = sourcecode.c.objc; path = SwitchTableViewCell.m; sourceTree = "<group>"; };
		348543BC25C2C6AE00F1EF21 /* SliderTableViewCell.h */ = {isa = PBXFileReference; lastKnownFileType = sourcecode.c.h; path = SliderTableViewCell.h; sourceTree = "<group>"; };
		348543BD25C2C6AE00F1EF21 /* SliderTableViewCell.m */ = {isa = PBXFileReference; lastKnownFileType = sourcecode.c.objc; path = SliderTableViewCell.m; sourceTree = "<group>"; };
		348543C025C2C80100F1EF21 /* EnumTableViewCell.h */ = {isa = PBXFileReference; lastKnownFileType = sourcecode.c.h; path = EnumTableViewCell.h; sourceTree = "<group>"; };
		348543C125C2C80100F1EF21 /* EnumTableViewCell.m */ = {isa = PBXFileReference; lastKnownFileType = sourcecode.c.objc; path = EnumTableViewCell.m; sourceTree = "<group>"; };
		348543C425C2CBDA00F1EF21 /* StringTableViewCell.h */ = {isa = PBXFileReference; lastKnownFileType = sourcecode.c.h; path = StringTableViewCell.h; sourceTree = "<group>"; };
		348543C525C2CBDA00F1EF21 /* StringTableViewCell.m */ = {isa = PBXFileReference; lastKnownFileType = sourcecode.c.objc; path = StringTableViewCell.m; sourceTree = "<group>"; };
		348543C825C2CD6400F1EF21 /* LabelTableViewCell.h */ = {isa = PBXFileReference; lastKnownFileType = sourcecode.c.h; path = LabelTableViewCell.h; sourceTree = "<group>"; };
		348543C925C2CD6400F1EF21 /* LabelTableViewCell.m */ = {isa = PBXFileReference; lastKnownFileType = sourcecode.c.objc; path = LabelTableViewCell.m; sourceTree = "<group>"; };
		348543CC25C2DE5B00F1EF21 /* APModeTableViewController.h */ = {isa = PBXFileReference; lastKnownFileType = sourcecode.c.h; path = APModeTableViewController.h; sourceTree = "<group>"; };
		348543CD25C2DE5B00F1EF21 /* APModeTableViewController.m */ = {isa = PBXFileReference; lastKnownFileType = sourcecode.c.objc; path = APModeTableViewController.m; sourceTree = "<group>"; };
		34FF2C6625AE8B6100152CA6 /* Base */ = {isa = PBXFileReference; lastKnownFileType = file.storyboard; name = Base; path = Base.lproj/TuyaSmartMain.storyboard; sourceTree = "<group>"; };
		34FF2C6925AE8CC900152CA6 /* MainViewController.h */ = {isa = PBXFileReference; lastKnownFileType = sourcecode.c.h; path = MainViewController.h; sourceTree = "<group>"; };
		34FF2C6A25AE8CC900152CA6 /* MainViewController.m */ = {isa = PBXFileReference; lastKnownFileType = sourcecode.c.objc; path = MainViewController.m; sourceTree = "<group>"; };
		34FF2CAE25AE904E00152CA6 /* UIButton+Extensions.h */ = {isa = PBXFileReference; lastKnownFileType = sourcecode.c.h; path = "UIButton+Extensions.h"; sourceTree = "<group>"; };
		34FF2CAF25AE90C800152CA6 /* UIButton+Extensions.m */ = {isa = PBXFileReference; fileEncoding = 4; lastKnownFileType = sourcecode.c.objc; path = "UIButton+Extensions.m"; sourceTree = "<group>"; };
		34FF2CB425AE947200152CA6 /* Base */ = {isa = PBXFileReference; lastKnownFileType = file.storyboard; name = Base; path = Base.lproj/Main.storyboard; sourceTree = "<group>"; };
		34FF2DF325B02A7B00152CA6 /* Home.h */ = {isa = PBXFileReference; lastKnownFileType = sourcecode.c.h; path = Home.h; sourceTree = "<group>"; };
		34FF2DF425B02A7B00152CA6 /* Home.m */ = {isa = PBXFileReference; lastKnownFileType = sourcecode.c.objc; path = Home.m; sourceTree = "<group>"; };
		34FF2DF825B02DB600152CA6 /* NewHomeTableViewController.h */ = {isa = PBXFileReference; lastKnownFileType = sourcecode.c.h; path = NewHomeTableViewController.h; sourceTree = "<group>"; };
		34FF2DF925B02DB600152CA6 /* NewHomeTableViewController.m */ = {isa = PBXFileReference; lastKnownFileType = sourcecode.c.objc; path = NewHomeTableViewController.m; sourceTree = "<group>"; };
		34FF2DFC25B0345500152CA6 /* SwitchHomeTableViewController.h */ = {isa = PBXFileReference; lastKnownFileType = sourcecode.c.h; path = SwitchHomeTableViewController.h; sourceTree = "<group>"; };
		34FF2DFD25B0345500152CA6 /* SwitchHomeTableViewController.m */ = {isa = PBXFileReference; lastKnownFileType = sourcecode.c.objc; path = SwitchHomeTableViewController.m; sourceTree = "<group>"; };
		34FF2E0025B03C2C00152CA6 /* HomeListTableViewController.h */ = {isa = PBXFileReference; lastKnownFileType = sourcecode.c.h; path = HomeListTableViewController.h; sourceTree = "<group>"; };
		34FF2E0125B03C2C00152CA6 /* HomeListTableViewController.m */ = {isa = PBXFileReference; lastKnownFileType = sourcecode.c.objc; path = HomeListTableViewController.m; sourceTree = "<group>"; };
		34FF2E0425B03E7300152CA6 /* HomeDetailTableViewController.h */ = {isa = PBXFileReference; lastKnownFileType = sourcecode.c.h; path = HomeDetailTableViewController.h; sourceTree = "<group>"; };
		34FF2E0525B03E7300152CA6 /* HomeDetailTableViewController.m */ = {isa = PBXFileReference; lastKnownFileType = sourcecode.c.objc; path = HomeDetailTableViewController.m; sourceTree = "<group>"; };
		34FF2E0825B0649100152CA6 /* EditHomeTableViewController.h */ = {isa = PBXFileReference; lastKnownFileType = sourcecode.c.h; path = EditHomeTableViewController.h; sourceTree = "<group>"; };
		34FF2E0925B0649100152CA6 /* EditHomeTableViewController.m */ = {isa = PBXFileReference; lastKnownFileType = sourcecode.c.objc; path = EditHomeTableViewController.m; sourceTree = "<group>"; };
		7F9264904FCE531491A81732 /* libPods-TuyaAppSDKSample-iOS-ObjC.a */ = {isa = PBXFileReference; explicitFileType = archive.ar; includeInIndex = 0; path = "libPods-TuyaAppSDKSample-iOS-ObjC.a"; sourceTree = BUILT_PRODUCTS_DIR; };
		AF54CA4B25A4191000FCAC1F /* TuyaAppSDKSample-iOS-ObjC.app */ = {isa = PBXFileReference; explicitFileType = wrapper.application; includeInIndex = 0; path = "TuyaAppSDKSample-iOS-ObjC.app"; sourceTree = BUILT_PRODUCTS_DIR; };
		AF54CA4E25A4191000FCAC1F /* AppDelegate.h */ = {isa = PBXFileReference; lastKnownFileType = sourcecode.c.h; path = AppDelegate.h; sourceTree = "<group>"; };
		AF54CA4F25A4191000FCAC1F /* AppDelegate.m */ = {isa = PBXFileReference; lastKnownFileType = sourcecode.c.objc; path = AppDelegate.m; sourceTree = "<group>"; };
		AF54CA5125A4191000FCAC1F /* SceneDelegate.h */ = {isa = PBXFileReference; lastKnownFileType = sourcecode.c.h; path = SceneDelegate.h; sourceTree = "<group>"; };
		AF54CA5225A4191000FCAC1F /* SceneDelegate.m */ = {isa = PBXFileReference; lastKnownFileType = sourcecode.c.objc; path = SceneDelegate.m; sourceTree = "<group>"; };
		AF54CA5A25A4191A00FCAC1F /* Assets.xcassets */ = {isa = PBXFileReference; lastKnownFileType = folder.assetcatalog; path = Assets.xcassets; sourceTree = "<group>"; };
		AF54CA5D25A4191A00FCAC1F /* Base */ = {isa = PBXFileReference; lastKnownFileType = file.storyboard; name = Base; path = Base.lproj/LaunchScreen.storyboard; sourceTree = "<group>"; };
		AF54CA5F25A4191A00FCAC1F /* Info.plist */ = {isa = PBXFileReference; lastKnownFileType = text.plist.xml; path = Info.plist; sourceTree = "<group>"; };
		AF54CA6025A4191A00FCAC1F /* main.m */ = {isa = PBXFileReference; lastKnownFileType = sourcecode.c.objc; path = main.m; sourceTree = "<group>"; };
		AF54CA8925A4426F00FCAC1F /* PrefixHeader.pch */ = {isa = PBXFileReference; lastKnownFileType = sourcecode.c.h; path = PrefixHeader.pch; sourceTree = "<group>"; };
		AF54CAA025A443D800FCAC1F /* AppKey.h */ = {isa = PBXFileReference; lastKnownFileType = sourcecode.c.h; path = AppKey.h; sourceTree = "<group>"; };
		AF54CAA125A44C4D00FCAC1F /* t_s.bmp */ = {isa = PBXFileReference; lastKnownFileType = image.bmp; path = t_s.bmp; sourceTree = "<group>"; };
		AF54CAA525A44F0300FCAC1F /* MainTableViewController.h */ = {isa = PBXFileReference; lastKnownFileType = sourcecode.c.h; path = MainTableViewController.h; sourceTree = "<group>"; };
		AF54CAA625A44F0300FCAC1F /* MainTableViewController.m */ = {isa = PBXFileReference; lastKnownFileType = sourcecode.c.objc; path = MainTableViewController.m; sourceTree = "<group>"; };
		AF54CAAC25A4610D00FCAC1F /* RegisterTableViewController.h */ = {isa = PBXFileReference; lastKnownFileType = sourcecode.c.h; path = RegisterTableViewController.h; sourceTree = "<group>"; };
		AF54CAAD25A4610D00FCAC1F /* RegisterTableViewController.m */ = {isa = PBXFileReference; lastKnownFileType = sourcecode.c.objc; path = RegisterTableViewController.m; sourceTree = "<group>"; };
		AF54CAB025A46C8000FCAC1F /* LoginTableViewController.h */ = {isa = PBXFileReference; lastKnownFileType = sourcecode.c.h; path = LoginTableViewController.h; sourceTree = "<group>"; };
		AF54CAB125A46C8000FCAC1F /* LoginTableViewController.m */ = {isa = PBXFileReference; lastKnownFileType = sourcecode.c.objc; path = LoginTableViewController.m; sourceTree = "<group>"; };
		AF5531AC25A5599200E13562 /* ResetPasswordTableViewController.h */ = {isa = PBXFileReference; lastKnownFileType = sourcecode.c.h; path = ResetPasswordTableViewController.h; sourceTree = "<group>"; };
		AF5531AD25A5599200E13562 /* ResetPasswordTableViewController.m */ = {isa = PBXFileReference; lastKnownFileType = sourcecode.c.objc; path = ResetPasswordTableViewController.m; sourceTree = "<group>"; };
		AF5531B225A55F9400E13562 /* Base */ = {isa = PBXFileReference; lastKnownFileType = file.storyboard; name = Base; path = Base.lproj/Register.storyboard; sourceTree = "<group>"; };
		AF5531BC25A5601E00E13562 /* Base */ = {isa = PBXFileReference; lastKnownFileType = file.storyboard; name = Base; path = Base.lproj/Login.storyboard; sourceTree = "<group>"; };
		AF5531C325A5620900E13562 /* UserInformationTableViewController.h */ = {isa = PBXFileReference; lastKnownFileType = sourcecode.c.h; name = UserInformationTableViewController.h; path = "TuyaAppSDKSample-iOS-ObjC/ViewController/UserManagement/UserInformationTableViewController.h"; sourceTree = SOURCE_ROOT; };
		AF5531C425A5620900E13562 /* UserInformationTableViewController.m */ = {isa = PBXFileReference; lastKnownFileType = sourcecode.c.objc; name = UserInformationTableViewController.m; path = "TuyaAppSDKSample-iOS-ObjC/ViewController/UserManagement/UserInformationTableViewController.m"; sourceTree = SOURCE_ROOT; };
		AF5531C925A564EE00E13562 /* Base */ = {isa = PBXFileReference; lastKnownFileType = file.storyboard; name = Base; path = Base.lproj/UserInformation.storyboard; sourceTree = "<group>"; };
		AF5531CE25A58F8A00E13562 /* Alert.h */ = {isa = PBXFileReference; lastKnownFileType = sourcecode.c.h; path = Alert.h; sourceTree = "<group>"; };
		AF5531CF25A58F8A00E13562 /* Alert.m */ = {isa = PBXFileReference; lastKnownFileType = sourcecode.c.objc; path = Alert.m; sourceTree = "<group>"; };
		C9842C2AD6012B1DDF4F810E /* Pods-TuyaAppSDKSample-iOS-ObjC.debug.xcconfig */ = {isa = PBXFileReference; includeInIndex = 1; lastKnownFileType = text.xcconfig; name = "Pods-TuyaAppSDKSample-iOS-ObjC.debug.xcconfig"; path = "Target Support Files/Pods-TuyaAppSDKSample-iOS-ObjC/Pods-TuyaAppSDKSample-iOS-ObjC.debug.xcconfig"; sourceTree = "<group>"; };
/* End PBXFileReference section */

/* Begin PBXFrameworksBuildPhase section */
		AF54CA4825A4191000FCAC1F /* Frameworks */ = {
			isa = PBXFrameworksBuildPhase;
			buildActionMask = 2147483647;
			files = (
				A5DB7929DFCE8487D4B82248 /* libPods-TuyaAppSDKSample-iOS-ObjC.a in Frameworks */,
			);
			runOnlyForDeploymentPostprocessing = 0;
		};
/* End PBXFrameworksBuildPhase section */

/* Begin PBXGroup section */
		3485438325C2990300F1EF21 /* Device Network Configuration */ = {
			isa = PBXGroup;
			children = (
				3485438525C2995700F1EF21 /* EZModeTableViewController.h */,
				3485438625C2995700F1EF21 /* EZModeTableViewController.m */,
				348543CC25C2DE5B00F1EF21 /* APModeTableViewController.h */,
				348543CD25C2DE5B00F1EF21 /* APModeTableViewController.m */,
			);
			path = "Device Network Configuration";
			sourceTree = "<group>";
		};
		3485438425C2990400F1EF21 /* Device Management */ = {
			isa = PBXGroup;
			children = (
				348543AD25C2BD8200F1EF21 /* Cell */,
				348543A125C2AAEF00F1EF21 /* DeviceListTableViewController.h */,
				348543A225C2AAEF00F1EF21 /* DeviceListTableViewController.m */,
				348543A525C2AF1B00F1EF21 /* DeviceControlTableViewController.h */,
				348543A625C2AF1B00F1EF21 /* DeviceControlTableViewController.m */,
				348543A925C2B8EB00F1EF21 /* DeviceControlCellHelper.h */,
				348543AA25C2B8EB00F1EF21 /* DeviceControlCellHelper.m */,
			);
			path = "Device Management";
			sourceTree = "<group>";
		};
		348543AD25C2BD8200F1EF21 /* Cell */ = {
			isa = PBXGroup;
			children = (
				348543AE25C2BDA700F1EF21 /* DeviceStatusBehaveCell.h */,
				348543AF25C2BDA700F1EF21 /* DeviceStatusBehaveCell.m */,
				348543B825C2C2E300F1EF21 /* SwitchTableViewCell.h */,
				348543B925C2C2E300F1EF21 /* SwitchTableViewCell.m */,
				348543BC25C2C6AE00F1EF21 /* SliderTableViewCell.h */,
				348543BD25C2C6AE00F1EF21 /* SliderTableViewCell.m */,
				348543C025C2C80100F1EF21 /* EnumTableViewCell.h */,
				348543C125C2C80100F1EF21 /* EnumTableViewCell.m */,
				348543C425C2CBDA00F1EF21 /* StringTableViewCell.h */,
				348543C525C2CBDA00F1EF21 /* StringTableViewCell.m */,
				348543C825C2CD6400F1EF21 /* LabelTableViewCell.h */,
				348543C925C2CD6400F1EF21 /* LabelTableViewCell.m */,
			);
			path = Cell;
			sourceTree = "<group>";
		};
		34FF2DF225B02A4700152CA6 /* HomeManagement */ = {
			isa = PBXGroup;
			children = (
				34FF2DF325B02A7B00152CA6 /* Home.h */,
				34FF2DF425B02A7B00152CA6 /* Home.m */,
				34FF2DF825B02DB600152CA6 /* NewHomeTableViewController.h */,
				34FF2DF925B02DB600152CA6 /* NewHomeTableViewController.m */,
				34FF2DFC25B0345500152CA6 /* SwitchHomeTableViewController.h */,
				34FF2DFD25B0345500152CA6 /* SwitchHomeTableViewController.m */,
				34FF2E0025B03C2C00152CA6 /* HomeListTableViewController.h */,
				34FF2E0125B03C2C00152CA6 /* HomeListTableViewController.m */,
				34FF2E0425B03E7300152CA6 /* HomeDetailTableViewController.h */,
				34FF2E0525B03E7300152CA6 /* HomeDetailTableViewController.m */,
				34FF2E0825B0649100152CA6 /* EditHomeTableViewController.h */,
				34FF2E0925B0649100152CA6 /* EditHomeTableViewController.m */,
			);
			path = HomeManagement;
			sourceTree = "<group>";
		};
		89046D2CCA6C224CC0D020FB /* Pods */ = {
			isa = PBXGroup;
			children = (
				C9842C2AD6012B1DDF4F810E /* Pods-TuyaAppSDKSample-iOS-ObjC.debug.xcconfig */,
				294ED4FB8988BB46DF95A857 /* Pods-TuyaAppSDKSample-iOS-ObjC.release.xcconfig */,
			);
			path = Pods;
			sourceTree = "<group>";
		};
		8A3185BBC09AC33FF53185EE /* Frameworks */ = {
			isa = PBXGroup;
			children = (
				7F9264904FCE531491A81732 /* libPods-TuyaAppSDKSample-iOS-ObjC.a */,
			);
			name = Frameworks;
			sourceTree = "<group>";
		};
		AF54CA4225A4191000FCAC1F = {
			isa = PBXGroup;
			children = (
				AF54CA8925A4426F00FCAC1F /* PrefixHeader.pch */,
				AF54CA4D25A4191000FCAC1F /* TuyaAppSDKSample-iOS-ObjC */,
				AF54CA4C25A4191000FCAC1F /* Products */,
				89046D2CCA6C224CC0D020FB /* Pods */,
				8A3185BBC09AC33FF53185EE /* Frameworks */,
			);
			sourceTree = "<group>";
		};
		AF54CA4C25A4191000FCAC1F /* Products */ = {
			isa = PBXGroup;
			children = (
				AF54CA4B25A4191000FCAC1F /* TuyaAppSDKSample-iOS-ObjC.app */,
			);
			name = Products;
			sourceTree = "<group>";
		};
		AF54CA4D25A4191000FCAC1F /* TuyaAppSDKSample-iOS-ObjC */ = {
			isa = PBXGroup;
			children = (
				AF54CAA025A443D800FCAC1F /* AppKey.h */,
				AF54CA4E25A4191000FCAC1F /* AppDelegate.h */,
				AF54CA4F25A4191000FCAC1F /* AppDelegate.m */,
				AF54CA5125A4191000FCAC1F /* SceneDelegate.h */,
				AF54CA5225A4191000FCAC1F /* SceneDelegate.m */,
				AF5531B925A55FD200E13562 /* StoryBoard */,
				AF5531C025A560CF00E13562 /* ViewController */,
				AF5531CD25A58F6D00E13562 /* Helper */,
				AF54CA5A25A4191A00FCAC1F /* Assets.xcassets */,
				AF54CAA125A44C4D00FCAC1F /* t_s.bmp */,
				AF54CA5F25A4191A00FCAC1F /* Info.plist */,
				3485437C25C267BA00F1EF21 /* InfoPlist.strings */,
				3485437E25C267BA00F1EF21 /* Localizable.strings */,
				AF54CA6025A4191A00FCAC1F /* main.m */,
			);
			path = "TuyaAppSDKSample-iOS-ObjC";
			sourceTree = "<group>";
		};
		AF5531B925A55FD200E13562 /* StoryBoard */ = {
			isa = PBXGroup;
			children = (
				34FF2CB325AE947200152CA6 /* Main.storyboard */,
				34FF2C6525AE8B6100152CA6 /* TuyaSmartMain.storyboard */,
				AF54CA5C25A4191A00FCAC1F /* LaunchScreen.storyboard */,
				AF5531B125A55F9400E13562 /* Register.storyboard */,
				AF5531BB25A5601E00E13562 /* Login.storyboard */,
				AF5531C825A564EE00E13562 /* UserInformation.storyboard */,
				3485436225C2631D00F1EF21 /* NewHome.storyboard */,
				3485435A25C2631D00F1EF21 /* SwitchHome.storyboard */,
				3485436A25C2638000F1EF21 /* HomeList.storyboard */,
				3485436025C2631D00F1EF21 /* EZMode.storyboard */,
				3485435C25C2631D00F1EF21 /* APMode.storyboard */,
				3485435E25C2631D00F1EF21 /* DeviceList.storyboard */,
			);
			path = StoryBoard;
			sourceTree = "<group>";
		};
		AF5531C025A560CF00E13562 /* ViewController */ = {
			isa = PBXGroup;
			children = (
				34FF2C6925AE8CC900152CA6 /* MainViewController.h */,
				34FF2C6A25AE8CC900152CA6 /* MainViewController.m */,
				AF54CAA525A44F0300FCAC1F /* MainTableViewController.h */,
				AF54CAA625A44F0300FCAC1F /* MainTableViewController.m */,
				AF5531C125A560E500E13562 /* UserManagement */,
				34FF2DF225B02A4700152CA6 /* HomeManagement */,
				3485438325C2990300F1EF21 /* Device Network Configuration */,
				3485438425C2990400F1EF21 /* Device Management */,
			);
			path = ViewController;
			sourceTree = "<group>";
		};
		AF5531C125A560E500E13562 /* UserManagement */ = {
			isa = PBXGroup;
			children = (
				AF54CAAC25A4610D00FCAC1F /* RegisterTableViewController.h */,
				AF54CAAD25A4610D00FCAC1F /* RegisterTableViewController.m */,
				AF54CAB025A46C8000FCAC1F /* LoginTableViewController.h */,
				AF54CAB125A46C8000FCAC1F /* LoginTableViewController.m */,
				AF5531AC25A5599200E13562 /* ResetPasswordTableViewController.h */,
				AF5531AD25A5599200E13562 /* ResetPasswordTableViewController.m */,
				AF5531C325A5620900E13562 /* UserInformationTableViewController.h */,
				AF5531C425A5620900E13562 /* UserInformationTableViewController.m */,
			);
			path = UserManagement;
			sourceTree = "<group>";
		};
		AF5531CD25A58F6D00E13562 /* Helper */ = {
			isa = PBXGroup;
			children = (
				AF5531CE25A58F8A00E13562 /* Alert.h */,
				AF5531CF25A58F8A00E13562 /* Alert.m */,
				34FF2CAE25AE904E00152CA6 /* UIButton+Extensions.h */,
				34FF2CAF25AE90C800152CA6 /* UIButton+Extensions.m */,
				348543B325C2C25D00F1EF21 /* NotificationName.h */,
				348543B425C2C25D00F1EF21 /* NotificationName.m */,
			);
			path = Helper;
			sourceTree = "<group>";
		};
/* End PBXGroup section */

/* Begin PBXNativeTarget section */
		AF54CA4A25A4191000FCAC1F /* TuyaAppSDKSample-iOS-ObjC */ = {
			isa = PBXNativeTarget;
			buildConfigurationList = AF54CA6425A4191A00FCAC1F /* Build configuration list for PBXNativeTarget "TuyaAppSDKSample-iOS-ObjC" */;
			buildPhases = (
				892A7DEB0E897D969C5A7793 /* [CP] Check Pods Manifest.lock */,
				AF54CA4725A4191000FCAC1F /* Sources */,
				AF54CA4825A4191000FCAC1F /* Frameworks */,
				AF54CA4925A4191000FCAC1F /* Resources */,
				F7E1905F5FF4460EB20B270A /* [CP] Embed Pods Frameworks */,
				5E84ECBBCF6ECFF92D2C48FD /* [CP] Copy Pods Resources */,
			);
			buildRules = (
			);
			dependencies = (
			);
			name = "TuyaAppSDKSample-iOS-ObjC";
			productName = "TuyaAppSDKSample-iOS-ObjC";
			productReference = AF54CA4B25A4191000FCAC1F /* TuyaAppSDKSample-iOS-ObjC.app */;
			productType = "com.apple.product-type.application";
		};
/* End PBXNativeTarget section */

/* Begin PBXProject section */
		AF54CA4325A4191000FCAC1F /* Project object */ = {
			isa = PBXProject;
			attributes = {
				LastUpgradeCheck = 1230;
				TargetAttributes = {
					AF54CA4A25A4191000FCAC1F = {
						CreatedOnToolsVersion = 12.3;
					};
				};
			};
			buildConfigurationList = AF54CA4625A4191000FCAC1F /* Build configuration list for PBXProject "TuyaAppSDKSample-iOS-ObjC" */;
			compatibilityVersion = "Xcode 9.3";
			developmentRegion = en;
			hasScannedForEncodings = 0;
			knownRegions = (
				en,
				Base,
				"zh-Hans",
			);
			mainGroup = AF54CA4225A4191000FCAC1F;
			productRefGroup = AF54CA4C25A4191000FCAC1F /* Products */;
			projectDirPath = "";
			projectRoot = "";
			targets = (
				AF54CA4A25A4191000FCAC1F /* TuyaAppSDKSample-iOS-ObjC */,
			);
		};
/* End PBXProject section */

/* Begin PBXResourcesBuildPhase section */
		AF54CA4925A4191000FCAC1F /* Resources */ = {
			isa = PBXResourcesBuildPhase;
			buildActionMask = 2147483647;
			files = (
				AF54CA5E25A4191A00FCAC1F /* LaunchScreen.storyboard in Resources */,
				3485436C25C2638100F1EF21 /* HomeList.storyboard in Resources */,
				3485436425C2631E00F1EF21 /* SwitchHome.storyboard in Resources */,
				AF54CA5B25A4191A00FCAC1F /* Assets.xcassets in Resources */,
				3485438025C267BA00F1EF21 /* InfoPlist.strings in Resources */,
				3485436825C2631E00F1EF21 /* NewHome.storyboard in Resources */,
				AF5531BD25A5601E00E13562 /* Login.storyboard in Resources */,
				3485436525C2631E00F1EF21 /* APMode.storyboard in Resources */,
				34FF2CB525AE947200152CA6 /* Main.storyboard in Resources */,
				AF5531CA25A564EE00E13562 /* UserInformation.storyboard in Resources */,
				AF54CAA225A44C4D00FCAC1F /* t_s.bmp in Resources */,
				3485436725C2631E00F1EF21 /* EZMode.storyboard in Resources */,
				3485436625C2631E00F1EF21 /* DeviceList.storyboard in Resources */,
				3485438125C267BA00F1EF21 /* Localizable.strings in Resources */,
				34FF2C6725AE8B6100152CA6 /* TuyaSmartMain.storyboard in Resources */,
				AF5531B325A55F9400E13562 /* Register.storyboard in Resources */,
			);
			runOnlyForDeploymentPostprocessing = 0;
		};
/* End PBXResourcesBuildPhase section */

/* Begin PBXShellScriptBuildPhase section */
		5E84ECBBCF6ECFF92D2C48FD /* [CP] Copy Pods Resources */ = {
			isa = PBXShellScriptBuildPhase;
			buildActionMask = 2147483647;
			files = (
			);
			inputFileListPaths = (
				"${PODS_ROOT}/Target Support Files/Pods-TuyaAppSDKSample-iOS-ObjC/Pods-TuyaAppSDKSample-iOS-ObjC-resources-${CONFIGURATION}-input-files.xcfilelist",
			);
			name = "[CP] Copy Pods Resources";
			outputFileListPaths = (
				"${PODS_ROOT}/Target Support Files/Pods-TuyaAppSDKSample-iOS-ObjC/Pods-TuyaAppSDKSample-iOS-ObjC-resources-${CONFIGURATION}-output-files.xcfilelist",
			);
			runOnlyForDeploymentPostprocessing = 0;
			shellPath = /bin/sh;
			shellScript = "\"${PODS_ROOT}/Target Support Files/Pods-TuyaAppSDKSample-iOS-ObjC/Pods-TuyaAppSDKSample-iOS-ObjC-resources.sh\"\n";
			showEnvVarsInLog = 0;
		};
		892A7DEB0E897D969C5A7793 /* [CP] Check Pods Manifest.lock */ = {
			isa = PBXShellScriptBuildPhase;
			buildActionMask = 2147483647;
			files = (
			);
			inputFileListPaths = (
			);
			inputPaths = (
				"${PODS_PODFILE_DIR_PATH}/Podfile.lock",
				"${PODS_ROOT}/Manifest.lock",
			);
			name = "[CP] Check Pods Manifest.lock";
			outputFileListPaths = (
			);
			outputPaths = (
				"$(DERIVED_FILE_DIR)/Pods-TuyaAppSDKSample-iOS-ObjC-checkManifestLockResult.txt",
			);
			runOnlyForDeploymentPostprocessing = 0;
			shellPath = /bin/sh;
			shellScript = "diff \"${PODS_PODFILE_DIR_PATH}/Podfile.lock\" \"${PODS_ROOT}/Manifest.lock\" > /dev/null\nif [ $? != 0 ] ; then\n    # print error to STDERR\n    echo \"error: The sandbox is not in sync with the Podfile.lock. Run 'pod install' or update your CocoaPods installation.\" >&2\n    exit 1\nfi\n# This output is used by Xcode 'outputs' to avoid re-running this script phase.\necho \"SUCCESS\" > \"${SCRIPT_OUTPUT_FILE_0}\"\n";
			showEnvVarsInLog = 0;
		};
		F7E1905F5FF4460EB20B270A /* [CP] Embed Pods Frameworks */ = {
			isa = PBXShellScriptBuildPhase;
			buildActionMask = 2147483647;
			files = (
			);
			inputFileListPaths = (
				"${PODS_ROOT}/Target Support Files/Pods-TuyaAppSDKSample-iOS-ObjC/Pods-TuyaAppSDKSample-iOS-ObjC-frameworks-${CONFIGURATION}-input-files.xcfilelist",
			);
			name = "[CP] Embed Pods Frameworks";
			outputFileListPaths = (
				"${PODS_ROOT}/Target Support Files/Pods-TuyaAppSDKSample-iOS-ObjC/Pods-TuyaAppSDKSample-iOS-ObjC-frameworks-${CONFIGURATION}-output-files.xcfilelist",
			);
			runOnlyForDeploymentPostprocessing = 0;
			shellPath = /bin/sh;
			shellScript = "\"${PODS_ROOT}/Target Support Files/Pods-TuyaAppSDKSample-iOS-ObjC/Pods-TuyaAppSDKSample-iOS-ObjC-frameworks.sh\"\n";
			showEnvVarsInLog = 0;
		};
/* End PBXShellScriptBuildPhase section */

/* Begin PBXSourcesBuildPhase section */
		AF54CA4725A4191000FCAC1F /* Sources */ = {
			isa = PBXSourcesBuildPhase;
			buildActionMask = 2147483647;
			files = (
				AF5531D025A58F8A00E13562 /* Alert.m in Sources */,
				3485438725C2995700F1EF21 /* EZModeTableViewController.m in Sources */,
				348543C225C2C80100F1EF21 /* EnumTableViewCell.m in Sources */,
				348543AB25C2B8EB00F1EF21 /* DeviceControlCellHelper.m in Sources */,
				34FF2DFA25B02DB600152CA6 /* NewHomeTableViewController.m in Sources */,
				348543CE25C2DE5C00F1EF21 /* APModeTableViewController.m in Sources */,
				348543BE25C2C6AE00F1EF21 /* SliderTableViewCell.m in Sources */,
				AF54CAA725A44F0300FCAC1F /* MainTableViewController.m in Sources */,
				34FF2DF525B02A7C00152CA6 /* Home.m in Sources */,
				AF54CAB225A46C8000FCAC1F /* LoginTableViewController.m in Sources */,
				34FF2C6B25AE8CC900152CA6 /* MainViewController.m in Sources */,
				AF5531AE25A5599200E13562 /* ResetPasswordTableViewController.m in Sources */,
				AF5531C525A5620900E13562 /* UserInformationTableViewController.m in Sources */,
				34FF2E0225B03C2C00152CA6 /* HomeListTableViewController.m in Sources */,
				AF54CAAE25A4610D00FCAC1F /* RegisterTableViewController.m in Sources */,
				34FF2CB025AE90C800152CA6 /* UIButton+Extensions.m in Sources */,
				348543BA25C2C2E300F1EF21 /* SwitchTableViewCell.m in Sources */,
				34FF2E0A25B0649200152CA6 /* EditHomeTableViewController.m in Sources */,
				AF54CA5025A4191000FCAC1F /* AppDelegate.m in Sources */,
				AF54CA6125A4191A00FCAC1F /* main.m in Sources */,
				348543C625C2CBDA00F1EF21 /* StringTableViewCell.m in Sources */,
				348543B025C2BDA700F1EF21 /* DeviceStatusBehaveCell.m in Sources */,
				34FF2E0625B03E7300152CA6 /* HomeDetailTableViewController.m in Sources */,
				34FF2DFE25B0345500152CA6 /* SwitchHomeTableViewController.m in Sources */,
				348543A725C2AF1B00F1EF21 /* DeviceControlTableViewController.m in Sources */,
				348543B525C2C25D00F1EF21 /* NotificationName.m in Sources */,
				AF54CA5325A4191000FCAC1F /* SceneDelegate.m in Sources */,
				348543CA25C2CD6400F1EF21 /* LabelTableViewCell.m in Sources */,
				348543A325C2AAF000F1EF21 /* DeviceListTableViewController.m in Sources */,
			);
			runOnlyForDeploymentPostprocessing = 0;
		};
/* End PBXSourcesBuildPhase section */

/* Begin PBXVariantGroup section */
		3485435A25C2631D00F1EF21 /* SwitchHome.storyboard */ = {
			isa = PBXVariantGroup;
			children = (
				3485435B25C2631D00F1EF21 /* Base */,
				3485437625C2672700F1EF21 /* zh-Hans */,
			);
			name = SwitchHome.storyboard;
			sourceTree = "<group>";
		};
		3485435C25C2631D00F1EF21 /* APMode.storyboard */ = {
			isa = PBXVariantGroup;
			children = (
				3485435D25C2631D00F1EF21 /* Base */,
				3485437925C2672800F1EF21 /* zh-Hans */,
			);
			name = APMode.storyboard;
			sourceTree = "<group>";
		};
		3485435E25C2631D00F1EF21 /* DeviceList.storyboard */ = {
			isa = PBXVariantGroup;
			children = (
				3485435F25C2631D00F1EF21 /* Base */,
				3485437A25C2672900F1EF21 /* zh-Hans */,
			);
			name = DeviceList.storyboard;
			sourceTree = "<group>";
		};
		3485436025C2631D00F1EF21 /* EZMode.storyboard */ = {
			isa = PBXVariantGroup;
			children = (
				3485436125C2631D00F1EF21 /* Base */,
				3485437825C2672800F1EF21 /* zh-Hans */,
			);
			name = EZMode.storyboard;
			sourceTree = "<group>";
		};
		3485436225C2631D00F1EF21 /* NewHome.storyboard */ = {
			isa = PBXVariantGroup;
			children = (
				3485436325C2631D00F1EF21 /* Base */,
				3485437525C2672700F1EF21 /* zh-Hans */,
			);
			name = NewHome.storyboard;
			sourceTree = "<group>";
		};
		3485436A25C2638000F1EF21 /* HomeList.storyboard */ = {
			isa = PBXVariantGroup;
			children = (
				3485436B25C2638000F1EF21 /* Base */,
				3485437725C2672800F1EF21 /* zh-Hans */,
			);
			name = HomeList.storyboard;
			sourceTree = "<group>";
		};
		3485437C25C267BA00F1EF21 /* InfoPlist.strings */ = {
			isa = PBXVariantGroup;
			children = (
				3485437D25C267BA00F1EF21 /* zh-Hans */,
			);
			name = InfoPlist.strings;
			sourceTree = "<group>";
		};
		3485437E25C267BA00F1EF21 /* Localizable.strings */ = {
			isa = PBXVariantGroup;
			children = (
				3485437F25C267BA00F1EF21 /* zh-Hans */,
			);
			name = Localizable.strings;
			sourceTree = "<group>";
		};
		34FF2C6525AE8B6100152CA6 /* TuyaSmartMain.storyboard */ = {
			isa = PBXVariantGroup;
			children = (
				34FF2C6625AE8B6100152CA6 /* Base */,
				3485437025C2672300F1EF21 /* zh-Hans */,
			);
			name = TuyaSmartMain.storyboard;
			sourceTree = "<group>";
		};
		34FF2CB325AE947200152CA6 /* Main.storyboard */ = {
			isa = PBXVariantGroup;
			children = (
				34FF2CB425AE947200152CA6 /* Base */,
				3485436F25C2672200F1EF21 /* zh-Hans */,
			);
			name = Main.storyboard;
			sourceTree = "<group>";
		};
		AF54CA5C25A4191A00FCAC1F /* LaunchScreen.storyboard */ = {
			isa = PBXVariantGroup;
			children = (
				AF54CA5D25A4191A00FCAC1F /* Base */,
				3485437125C2672300F1EF21 /* zh-Hans */,
			);
			name = LaunchScreen.storyboard;
			sourceTree = "<group>";
		};
		AF5531B125A55F9400E13562 /* Register.storyboard */ = {
			isa = PBXVariantGroup;
			children = (
				AF5531B225A55F9400E13562 /* Base */,
				3485437225C2672400F1EF21 /* zh-Hans */,
			);
			name = Register.storyboard;
			sourceTree = "<group>";
		};
		AF5531BB25A5601E00E13562 /* Login.storyboard */ = {
			isa = PBXVariantGroup;
			children = (
				AF5531BC25A5601E00E13562 /* Base */,
				3485437325C2672500F1EF21 /* zh-Hans */,
			);
			name = Login.storyboard;
			sourceTree = "<group>";
		};
		AF5531C825A564EE00E13562 /* UserInformation.storyboard */ = {
			isa = PBXVariantGroup;
			children = (
				AF5531C925A564EE00E13562 /* Base */,
				3485437425C2672600F1EF21 /* zh-Hans */,
			);
			name = UserInformation.storyboard;
			sourceTree = "<group>";
		};
/* End PBXVariantGroup section */

/* Begin XCBuildConfiguration section */
		AF54CA6225A4191A00FCAC1F /* Debug */ = {
			isa = XCBuildConfiguration;
			buildSettings = {
				ALWAYS_SEARCH_USER_PATHS = NO;
				CLANG_ANALYZER_LOCALIZABILITY_NONLOCALIZED = YES;
				CLANG_ANALYZER_NONNULL = YES;
				CLANG_ANALYZER_NUMBER_OBJECT_CONVERSION = YES_AGGRESSIVE;
				CLANG_CXX_LANGUAGE_STANDARD = "gnu++14";
				CLANG_CXX_LIBRARY = "libc++";
				CLANG_ENABLE_MODULES = YES;
				CLANG_ENABLE_OBJC_ARC = YES;
				CLANG_ENABLE_OBJC_WEAK = YES;
				CLANG_WARN_BLOCK_CAPTURE_AUTORELEASING = YES;
				CLANG_WARN_BOOL_CONVERSION = YES;
				CLANG_WARN_COMMA = YES;
				CLANG_WARN_CONSTANT_CONVERSION = YES;
				CLANG_WARN_DEPRECATED_OBJC_IMPLEMENTATIONS = YES;
				CLANG_WARN_DIRECT_OBJC_ISA_USAGE = YES_ERROR;
				CLANG_WARN_DOCUMENTATION_COMMENTS = YES;
				CLANG_WARN_EMPTY_BODY = YES;
				CLANG_WARN_ENUM_CONVERSION = YES;
				CLANG_WARN_INFINITE_RECURSION = YES;
				CLANG_WARN_INT_CONVERSION = YES;
				CLANG_WARN_NON_LITERAL_NULL_CONVERSION = YES;
				CLANG_WARN_OBJC_IMPLICIT_RETAIN_SELF = YES;
				CLANG_WARN_OBJC_LITERAL_CONVERSION = YES;
				CLANG_WARN_OBJC_ROOT_CLASS = YES_ERROR;
				CLANG_WARN_QUOTED_INCLUDE_IN_FRAMEWORK_HEADER = YES;
				CLANG_WARN_RANGE_LOOP_ANALYSIS = YES;
				CLANG_WARN_STRICT_PROTOTYPES = YES;
				CLANG_WARN_SUSPICIOUS_MOVE = YES;
				CLANG_WARN_UNGUARDED_AVAILABILITY = YES_AGGRESSIVE;
				CLANG_WARN_UNREACHABLE_CODE = YES;
				CLANG_WARN__DUPLICATE_METHOD_MATCH = YES;
				COPY_PHASE_STRIP = NO;
				DEBUG_INFORMATION_FORMAT = dwarf;
				ENABLE_STRICT_OBJC_MSGSEND = YES;
				ENABLE_TESTABILITY = YES;
				GCC_C_LANGUAGE_STANDARD = gnu11;
				GCC_DYNAMIC_NO_PIC = NO;
				GCC_NO_COMMON_BLOCKS = YES;
				GCC_OPTIMIZATION_LEVEL = 0;
				GCC_PREPROCESSOR_DEFINITIONS = (
					"DEBUG=1",
					"$(inherited)",
				);
				GCC_WARN_64_TO_32_BIT_CONVERSION = YES;
				GCC_WARN_ABOUT_RETURN_TYPE = YES_ERROR;
				GCC_WARN_UNDECLARED_SELECTOR = YES;
				GCC_WARN_UNINITIALIZED_AUTOS = YES_AGGRESSIVE;
				GCC_WARN_UNUSED_FUNCTION = YES;
				GCC_WARN_UNUSED_VARIABLE = YES;
				IPHONEOS_DEPLOYMENT_TARGET = 14.3;
				MTL_ENABLE_DEBUG_INFO = INCLUDE_SOURCE;
				MTL_FAST_MATH = YES;
				ONLY_ACTIVE_ARCH = YES;
				SDKROOT = iphoneos;
			};
			name = Debug;
		};
		AF54CA6325A4191A00FCAC1F /* Release */ = {
			isa = XCBuildConfiguration;
			buildSettings = {
				ALWAYS_SEARCH_USER_PATHS = NO;
				CLANG_ANALYZER_LOCALIZABILITY_NONLOCALIZED = YES;
				CLANG_ANALYZER_NONNULL = YES;
				CLANG_ANALYZER_NUMBER_OBJECT_CONVERSION = YES_AGGRESSIVE;
				CLANG_CXX_LANGUAGE_STANDARD = "gnu++14";
				CLANG_CXX_LIBRARY = "libc++";
				CLANG_ENABLE_MODULES = YES;
				CLANG_ENABLE_OBJC_ARC = YES;
				CLANG_ENABLE_OBJC_WEAK = YES;
				CLANG_WARN_BLOCK_CAPTURE_AUTORELEASING = YES;
				CLANG_WARN_BOOL_CONVERSION = YES;
				CLANG_WARN_COMMA = YES;
				CLANG_WARN_CONSTANT_CONVERSION = YES;
				CLANG_WARN_DEPRECATED_OBJC_IMPLEMENTATIONS = YES;
				CLANG_WARN_DIRECT_OBJC_ISA_USAGE = YES_ERROR;
				CLANG_WARN_DOCUMENTATION_COMMENTS = YES;
				CLANG_WARN_EMPTY_BODY = YES;
				CLANG_WARN_ENUM_CONVERSION = YES;
				CLANG_WARN_INFINITE_RECURSION = YES;
				CLANG_WARN_INT_CONVERSION = YES;
				CLANG_WARN_NON_LITERAL_NULL_CONVERSION = YES;
				CLANG_WARN_OBJC_IMPLICIT_RETAIN_SELF = YES;
				CLANG_WARN_OBJC_LITERAL_CONVERSION = YES;
				CLANG_WARN_OBJC_ROOT_CLASS = YES_ERROR;
				CLANG_WARN_QUOTED_INCLUDE_IN_FRAMEWORK_HEADER = YES;
				CLANG_WARN_RANGE_LOOP_ANALYSIS = YES;
				CLANG_WARN_STRICT_PROTOTYPES = YES;
				CLANG_WARN_SUSPICIOUS_MOVE = YES;
				CLANG_WARN_UNGUARDED_AVAILABILITY = YES_AGGRESSIVE;
				CLANG_WARN_UNREACHABLE_CODE = YES;
				CLANG_WARN__DUPLICATE_METHOD_MATCH = YES;
				COPY_PHASE_STRIP = NO;
				DEBUG_INFORMATION_FORMAT = "dwarf-with-dsym";
				ENABLE_NS_ASSERTIONS = NO;
				ENABLE_STRICT_OBJC_MSGSEND = YES;
				GCC_C_LANGUAGE_STANDARD = gnu11;
				GCC_NO_COMMON_BLOCKS = YES;
				GCC_WARN_64_TO_32_BIT_CONVERSION = YES;
				GCC_WARN_ABOUT_RETURN_TYPE = YES_ERROR;
				GCC_WARN_UNDECLARED_SELECTOR = YES;
				GCC_WARN_UNINITIALIZED_AUTOS = YES_AGGRESSIVE;
				GCC_WARN_UNUSED_FUNCTION = YES;
				GCC_WARN_UNUSED_VARIABLE = YES;
				IPHONEOS_DEPLOYMENT_TARGET = 14.3;
				MTL_ENABLE_DEBUG_INFO = NO;
				MTL_FAST_MATH = YES;
				SDKROOT = iphoneos;
				VALIDATE_PRODUCT = YES;
			};
			name = Release;
		};
		AF54CA6525A4191A00FCAC1F /* Debug */ = {
			isa = XCBuildConfiguration;
			baseConfigurationReference = C9842C2AD6012B1DDF4F810E /* Pods-TuyaAppSDKSample-iOS-ObjC.debug.xcconfig */;
			buildSettings = {
				ASSETCATALOG_COMPILER_APPICON_NAME = AppIcon;
				ASSETCATALOG_COMPILER_GLOBAL_ACCENT_COLOR_NAME = AccentColor;
				CODE_SIGN_STYLE = Automatic;
				DEVELOPMENT_TEAM = 64ZYG66RMG;
				ENABLE_BITCODE = NO;
				GCC_PRECOMPILE_PREFIX_HEADER = YES;
				GCC_PREFIX_HEADER = "$(SRCROOT)/PrefixHeader.pch";
				INFOPLIST_FILE = "TuyaAppSDKSample-iOS-ObjC/Info.plist";
				IPHONEOS_DEPLOYMENT_TARGET = 12.0;
				LD_RUNPATH_SEARCH_PATHS = (
					"$(inherited)",
					"@executable_path/Frameworks",
				);
				PRODUCT_BUNDLE_IDENTIFIER = "com.dasautoooo.SDK-Sample";
				PRODUCT_NAME = "$(TARGET_NAME)";
				TARGETED_DEVICE_FAMILY = 1;
			};
			name = Debug;
		};
		AF54CA6625A4191A00FCAC1F /* Release */ = {
			isa = XCBuildConfiguration;
			baseConfigurationReference = 294ED4FB8988BB46DF95A857 /* Pods-TuyaAppSDKSample-iOS-ObjC.release.xcconfig */;
			buildSettings = {
				ASSETCATALOG_COMPILER_APPICON_NAME = AppIcon;
				ASSETCATALOG_COMPILER_GLOBAL_ACCENT_COLOR_NAME = AccentColor;
				CODE_SIGN_STYLE = Automatic;
				DEVELOPMENT_TEAM = 64ZYG66RMG;
				ENABLE_BITCODE = NO;
				GCC_PRECOMPILE_PREFIX_HEADER = YES;
				GCC_PREFIX_HEADER = "$(SRCROOT)/PrefixHeader.pch";
				INFOPLIST_FILE = "TuyaAppSDKSample-iOS-ObjC/Info.plist";
				IPHONEOS_DEPLOYMENT_TARGET = 12.0;
				LD_RUNPATH_SEARCH_PATHS = (
					"$(inherited)",
					"@executable_path/Frameworks",
				);
				PRODUCT_BUNDLE_IDENTIFIER = "com.dasautoooo.SDK-Sample";
				PRODUCT_NAME = "$(TARGET_NAME)";
				TARGETED_DEVICE_FAMILY = 1;
			};
			name = Release;
		};
/* End XCBuildConfiguration section */

/* Begin XCConfigurationList section */
		AF54CA4625A4191000FCAC1F /* Build configuration list for PBXProject "TuyaAppSDKSample-iOS-ObjC" */ = {
			isa = XCConfigurationList;
			buildConfigurations = (
				AF54CA6225A4191A00FCAC1F /* Debug */,
				AF54CA6325A4191A00FCAC1F /* Release */,
			);
			defaultConfigurationIsVisible = 0;
			defaultConfigurationName = Release;
		};
		AF54CA6425A4191A00FCAC1F /* Build configuration list for PBXNativeTarget "TuyaAppSDKSample-iOS-ObjC" */ = {
			isa = XCConfigurationList;
			buildConfigurations = (
				AF54CA6525A4191A00FCAC1F /* Debug */,
				AF54CA6625A4191A00FCAC1F /* Release */,
			);
			defaultConfigurationIsVisible = 0;
			defaultConfigurationName = Release;
		};
/* End XCConfigurationList section */
	};
	rootObject = AF54CA4325A4191000FCAC1F /* Project object */;
}
