// !$*UTF8*$!
{
	archiveVersion = 1;
	classes = {
	};
	objectVersion = 56;
	objects = {

/* Begin PBXBuildFile section */
		540474882D367377005018D6 /* AppDelegate.m in Sources */ = {isa = PBXBuildFile; fileRef = 540474872D367377005018D6 /* AppDelegate.m */; };
		5404748B2D367377005018D6 /* SceneDelegate.m in Sources */ = {isa = PBXBuildFile; fileRef = 5404748A2D367377005018D6 /* SceneDelegate.m */; };
		5404748E2D367377005018D6 /* ViewController.m in Sources */ = {isa = PBXBuildFile; fileRef = 5404748D2D367377005018D6 /* ViewController.m */; };
		540474912D367377005018D6 /* Base in Resources */ = {isa = PBXBuildFile; fileRef = 540474902D367377005018D6 /* Base */; };
		540474932D367378005018D6 /* Assets.xcassets in Resources */ = {isa = PBXBuildFile; fileRef = 540474922D367378005018D6 /* Assets.xcassets */; };
		540474962D367378005018D6 /* Base in Resources */ = {isa = PBXBuildFile; fileRef = 540474952D367378005018D6 /* Base */; };
		540474992D367378005018D6 /* main.m in Sources */ = {isa = PBXBuildFile; fileRef = 540474982D367378005018D6 /* main.m */; };
		540474B02D3674E2005018D6 /* ThingCameraLiteCloudViewController.m in Sources */ = {isa = PBXBuildFile; fileRef = 540474A32D3674E2005018D6 /* ThingCameraLiteCloudViewController.m */; };
		540474B12D3674E2005018D6 /* aiot_mqtt_sign.c in Sources */ = {isa = PBXBuildFile; fileRef = 540474A52D3674E2005018D6 /* aiot_mqtt_sign.c */; };
		540474B22D3674E2005018D6 /* ThingMqttManager.m in Sources */ = {isa = PBXBuildFile; fileRef = 540474A82D3674E2005018D6 /* ThingMqttManager.m */; };
		540474B32D3674E2005018D6 /* tuyarootca.pem in Resources */ = {isa = PBXBuildFile; fileRef = 540474AA2D3674E2005018D6 /* tuyarootca.pem */; };
		540474B42D3674E2005018D6 /* ThingCameraLitePreviewViewController.m in Sources */ = {isa = PBXBuildFile; fileRef = 540474AC2D3674E2005018D6 /* ThingCameraLitePreviewViewController.m */; };
		61863D509BA1CD13ECE79EF4 /* libPods-ThingSmartCameraLiteDemo.a in Frameworks */ = {isa = PBXBuildFile; fileRef = 452A2A11D095B4D5AB8F821E /* libPods-ThingSmartCameraLiteDemo.a */; };
/* End PBXBuildFile section */

/* Begin PBXFileReference section */
		32A62026F60487230A1323A1 /* Pods-ThingSmartCameraLiteDemo.debug.xcconfig */ = {isa = PBXFileReference; includeInIndex = 1; lastKnownFileType = text.xcconfig; name = "Pods-ThingSmartCameraLiteDemo.debug.xcconfig"; path = "Target Support Files/Pods-ThingSmartCameraLiteDemo/Pods-ThingSmartCameraLiteDemo.debug.xcconfig"; sourceTree = "<group>"; };
		452A2A11D095B4D5AB8F821E /* libPods-ThingSmartCameraLiteDemo.a */ = {isa = PBXFileReference; explicitFileType = archive.ar; includeInIndex = 0; path = "libPods-ThingSmartCameraLiteDemo.a"; sourceTree = BUILT_PRODUCTS_DIR; };
		540474832D367377005018D6 /* ThingSmartCameraLiteDemo.app */ = {isa = PBXFileReference; explicitFileType = wrapper.application; includeInIndex = 0; path = ThingSmartCameraLiteDemo.app; sourceTree = BUILT_PRODUCTS_DIR; };
		540474862D367377005018D6 /* AppDelegate.h */ = {isa = PBXFileReference; lastKnownFileType = sourcecode.c.h; path = AppDelegate.h; sourceTree = "<group>"; };
		540474872D367377005018D6 /* AppDelegate.m */ = {isa = PBXFileReference; lastKnownFileType = sourcecode.c.objc; path = AppDelegate.m; sourceTree = "<group>"; };
		540474892D367377005018D6 /* SceneDelegate.h */ = {isa = PBXFileReference; lastKnownFileType = sourcecode.c.h; path = SceneDelegate.h; sourceTree = "<group>"; };
		5404748A2D367377005018D6 /* SceneDelegate.m */ = {isa = PBXFileReference; lastKnownFileType = sourcecode.c.objc; path = SceneDelegate.m; sourceTree = "<group>"; };
		5404748C2D367377005018D6 /* ViewController.h */ = {isa = PBXFileReference; lastKnownFileType = sourcecode.c.h; path = ViewController.h; sourceTree = "<group>"; };
		5404748D2D367377005018D6 /* ViewController.m */ = {isa = PBXFileReference; lastKnownFileType = sourcecode.c.objc; path = ViewController.m; sourceTree = "<group>"; };
		540474902D367377005018D6 /* Base */ = {isa = PBXFileReference; lastKnownFileType = file.storyboard; name = Base; path = Base.lproj/Main.storyboard; sourceTree = "<group>"; };
		540474922D367378005018D6 /* Assets.xcassets */ = {isa = PBXFileReference; lastKnownFileType = folder.assetcatalog; path = Assets.xcassets; sourceTree = "<group>"; };
		540474952D367378005018D6 /* Base */ = {isa = PBXFileReference; lastKnownFileType = file.storyboard; name = Base; path = Base.lproj/LaunchScreen.storyboard; sourceTree = "<group>"; };
		540474972D367378005018D6 /* Info.plist */ = {isa = PBXFileReference; lastKnownFileType = text.plist.xml; path = Info.plist; sourceTree = "<group>"; };
		540474982D367378005018D6 /* main.m */ = {isa = PBXFileReference; lastKnownFileType = sourcecode.c.objc; path = main.m; sourceTree = "<group>"; };
		5404749F2D3674E2005018D6 /* ThingCameraP2PProtocal.h */ = {isa = PBXFileReference; fileEncoding = 4; lastKnownFileType = sourcecode.c.h; path = ThingCameraP2PProtocal.h; sourceTree = "<group>"; };
		540474A22D3674E2005018D6 /* ThingCameraLiteCloudViewController.h */ = {isa = PBXFileReference; fileEncoding = 4; lastKnownFileType = sourcecode.c.h; path = ThingCameraLiteCloudViewController.h; sourceTree = "<group>"; };
		540474A32D3674E2005018D6 /* ThingCameraLiteCloudViewController.m */ = {isa = PBXFileReference; fileEncoding = 4; lastKnownFileType = sourcecode.c.objc; path = ThingCameraLiteCloudViewController.m; sourceTree = "<group>"; };
		540474A52D3674E2005018D6 /* aiot_mqtt_sign.c */ = {isa = PBXFileReference; fileEncoding = 4; lastKnownFileType = sourcecode.c.c; path = aiot_mqtt_sign.c; sourceTree = "<group>"; };
		540474A62D3674E2005018D6 /* aiot_mqtt_sign.h */ = {isa = PBXFileReference; fileEncoding = 4; lastKnownFileType = sourcecode.c.h; path = aiot_mqtt_sign.h; sourceTree = "<group>"; };
		540474A72D3674E2005018D6 /* ThingMqttManager.h */ = {isa = PBXFileReference; fileEncoding = 4; lastKnownFileType = sourcecode.c.h; path = ThingMqttManager.h; sourceTree = "<group>"; };
		540474A82D3674E2005018D6 /* ThingMqttManager.m */ = {isa = PBXFileReference; fileEncoding = 4; lastKnownFileType = sourcecode.c.objc; path = ThingMqttManager.m; sourceTree = "<group>"; };
		540474AA2D3674E2005018D6 /* tuyarootca.pem */ = {isa = PBXFileReference; fileEncoding = 4; lastKnownFileType = text; path = tuyarootca.pem; sourceTree = "<group>"; };
		540474AB2D3674E2005018D6 /* ThingCameraLitePreviewViewController.h */ = {isa = PBXFileReference; fileEncoding = 4; lastKnownFileType = sourcecode.c.h; path = ThingCameraLitePreviewViewController.h; sourceTree = "<group>"; };
		540474AC2D3674E2005018D6 /* ThingCameraLitePreviewViewController.m */ = {isa = PBXFileReference; fileEncoding = 4; lastKnownFileType = sourcecode.c.objc; path = ThingCameraLitePreviewViewController.m; sourceTree = "<group>"; };
		EEA53143C39D3F589CB6D848 /* Pods-ThingSmartCameraLiteDemo.release.xcconfig */ = {isa = PBXFileReference; includeInIndex = 1; lastKnownFileType = text.xcconfig; name = "Pods-ThingSmartCameraLiteDemo.release.xcconfig"; path = "Target Support Files/Pods-ThingSmartCameraLiteDemo/Pods-ThingSmartCameraLiteDemo.release.xcconfig"; sourceTree = "<group>"; };
/* End PBXFileReference section */

/* Begin PBXFrameworksBuildPhase section */
		540474802D367377005018D6 /* Frameworks */ = {
			isa = PBXFrameworksBuildPhase;
			buildActionMask = 2147483647;
			files = (
				61863D509BA1CD13ECE79EF4 /* libPods-ThingSmartCameraLiteDemo.a in Frameworks */,
			);
			runOnlyForDeploymentPostprocessing = 0;
		};
/* End PBXFrameworksBuildPhase section */

/* Begin PBXGroup section */
		5404747A2D367377005018D6 = {
			isa = PBXGroup;
			children = (
				540474852D367377005018D6 /* ThingSmartCameraLiteDemo */,
				540474842D367377005018D6 /* Products */,
				684C7794F7F3153EADAD90CE /* Pods */,
				75D07B5B67CE74E4E38DFA06 /* Frameworks */,
			);
			sourceTree = "<group>";
		};
		540474842D367377005018D6 /* Products */ = {
			isa = PBXGroup;
			children = (
				540474832D367377005018D6 /* ThingSmartCameraLiteDemo.app */,
			);
			name = Products;
			sourceTree = "<group>";
		};
		540474852D367377005018D6 /* ThingSmartCameraLiteDemo */ = {
			isa = PBXGroup;
			children = (
				540474A42D3674E2005018D6 /* Cloud */,
				540474A02D3674E2005018D6 /* Connect */,
				540474A92D3674E2005018D6 /* MQTT */,
				540474AD2D3674E2005018D6 /* Preview */,
				540474AA2D3674E2005018D6 /* tuyarootca.pem */,
				540474862D367377005018D6 /* AppDelegate.h */,
				540474872D367377005018D6 /* AppDelegate.m */,
				540474892D367377005018D6 /* SceneDelegate.h */,
				5404748A2D367377005018D6 /* SceneDelegate.m */,
				5404748C2D367377005018D6 /* ViewController.h */,
				5404748D2D367377005018D6 /* ViewController.m */,
				5404748F2D367377005018D6 /* Main.storyboard */,
				540474922D367378005018D6 /* Assets.xcassets */,
				540474942D367378005018D6 /* LaunchScreen.storyboard */,
				540474972D367378005018D6 /* Info.plist */,
				540474982D367378005018D6 /* main.m */,
			);
			path = ThingSmartCameraLiteDemo;
			sourceTree = "<group>";
		};
		540474A02D3674E2005018D6 /* Connect */ = {
			isa = PBXGroup;
			children = (
				5404749F2D3674E2005018D6 /* ThingCameraP2PProtocal.h */,
			);
			path = Connect;
			sourceTree = "<group>";
		};
		540474A42D3674E2005018D6 /* Cloud */ = {
			isa = PBXGroup;
			children = (
				540474A22D3674E2005018D6 /* ThingCameraLiteCloudViewController.h */,
				540474A32D3674E2005018D6 /* ThingCameraLiteCloudViewController.m */,
			);
			path = Cloud;
			sourceTree = "<group>";
		};
		540474A92D3674E2005018D6 /* MQTT */ = {
			isa = PBXGroup;
			children = (
				540474A52D3674E2005018D6 /* aiot_mqtt_sign.c */,
				540474A62D3674E2005018D6 /* aiot_mqtt_sign.h */,
				540474A72D3674E2005018D6 /* ThingMqttManager.h */,
				540474A82D3674E2005018D6 /* ThingMqttManager.m */,
			);
			path = MQTT;
			sourceTree = "<group>";
		};
		540474AD2D3674E2005018D6 /* Preview */ = {
			isa = PBXGroup;
			children = (
				540474AB2D3674E2005018D6 /* ThingCameraLitePreviewViewController.h */,
				540474AC2D3674E2005018D6 /* ThingCameraLitePreviewViewController.m */,
			);
			path = Preview;
			sourceTree = "<group>";
		};
		684C7794F7F3153EADAD90CE /* Pods */ = {
			isa = PBXGroup;
			children = (
				32A62026F60487230A1323A1 /* Pods-ThingSmartCameraLiteDemo.debug.xcconfig */,
				EEA53143C39D3F589CB6D848 /* Pods-ThingSmartCameraLiteDemo.release.xcconfig */,
			);
			path = Pods;
			sourceTree = "<group>";
		};
		75D07B5B67CE74E4E38DFA06 /* Frameworks */ = {
			isa = PBXGroup;
			children = (
				452A2A11D095B4D5AB8F821E /* libPods-ThingSmartCameraLiteDemo.a */,
			);
			name = Frameworks;
			sourceTree = "<group>";
		};
/* End PBXGroup section */

/* Begin PBXNativeTarget section */
		540474822D367377005018D6 /* ThingSmartCameraLiteDemo */ = {
			isa = PBXNativeTarget;
			buildConfigurationList = 5404749C2D367378005018D6 /* Build configuration list for PBXNativeTarget "ThingSmartCameraLiteDemo" */;
			buildPhases = (
				E9E32BFE6659849B78261424 /* [CP] Check Pods Manifest.lock */,
				5404747F2D367377005018D6 /* Sources */,
				540474802D367377005018D6 /* Frameworks */,
				540474812D367377005018D6 /* Resources */,
				42B5989C886F8FF20D4AD353 /* [CP] Embed Pods Frameworks */,
				A62D71A9370D653D30B7B685 /* [CP] Copy Pods Resources */,
			);
			buildRules = (
			);
			dependencies = (
			);
			name = ThingSmartCameraLiteDemo;
			productName = ThingSmartCameraLiteDemo;
			productReference = 540474832D367377005018D6 /* ThingSmartCameraLiteDemo.app */;
			productType = "com.apple.product-type.application";
		};
/* End PBXNativeTarget section */

/* Begin PBXProject section */
		5404747B2D367377005018D6 /* Project object */ = {
			isa = PBXProject;
			attributes = {
				BuildIndependentTargetsInParallel = 1;
				LastUpgradeCheck = 1540;
				TargetAttributes = {
					540474822D367377005018D6 = {
						CreatedOnToolsVersion = 15.4;
					};
				};
			};
			buildConfigurationList = 5404747E2D367377005018D6 /* Build configuration list for PBXProject "ThingSmartCameraLiteDemo" */;
			compatibilityVersion = "Xcode 14.0";
			developmentRegion = en;
			hasScannedForEncodings = 0;
			knownRegions = (
				en,
				Base,
			);
			mainGroup = 5404747A2D367377005018D6;
			productRefGroup = 540474842D367377005018D6 /* Products */;
			projectDirPath = "";
			projectRoot = "";
			targets = (
				540474822D367377005018D6 /* ThingSmartCameraLiteDemo */,
			);
		};
/* End PBXProject section */

/* Begin PBXResourcesBuildPhase section */
		540474812D367377005018D6 /* Resources */ = {
			isa = PBXResourcesBuildPhase;
			buildActionMask = 2147483647;
			files = (
				540474932D367378005018D6 /* Assets.xcassets in Resources */,
				540474B32D3674E2005018D6 /* tuyarootca.pem in Resources */,
				540474962D367378005018D6 /* Base in Resources */,
				540474912D367377005018D6 /* Base in Resources */,
			);
			runOnlyForDeploymentPostprocessing = 0;
		};
/* End PBXResourcesBuildPhase section */

/* Begin PBXShellScriptBuildPhase section */
		42B5989C886F8FF20D4AD353 /* [CP] Embed Pods Frameworks */ = {
			isa = PBXShellScriptBuildPhase;
			buildActionMask = 2147483647;
			files = (
			);
			inputFileListPaths = (
				"${PODS_ROOT}/Target Support Files/Pods-ThingSmartCameraLiteDemo/Pods-ThingSmartCameraLiteDemo-frameworks-${CONFIGURATION}-input-files.xcfilelist",
			);
			name = "[CP] Embed Pods Frameworks";
			outputFileListPaths = (
				"${PODS_ROOT}/Target Support Files/Pods-ThingSmartCameraLiteDemo/Pods-ThingSmartCameraLiteDemo-frameworks-${CONFIGURATION}-output-files.xcfilelist",
			);
			runOnlyForDeploymentPostprocessing = 0;
			shellPath = /bin/sh;
			shellScript = "\"${PODS_ROOT}/Target Support Files/Pods-ThingSmartCameraLiteDemo/Pods-ThingSmartCameraLiteDemo-frameworks.sh\"\n";
			showEnvVarsInLog = 0;
		};
		A62D71A9370D653D30B7B685 /* [CP] Copy Pods Resources */ = {
			isa = PBXShellScriptBuildPhase;
			buildActionMask = 2147483647;
			files = (
			);
			inputFileListPaths = (
				"${PODS_ROOT}/Target Support Files/Pods-ThingSmartCameraLiteDemo/Pods-ThingSmartCameraLiteDemo-resources-${CONFIGURATION}-input-files.xcfilelist",
			);
			name = "[CP] Copy Pods Resources";
			outputFileListPaths = (
				"${PODS_ROOT}/Target Support Files/Pods-ThingSmartCameraLiteDemo/Pods-ThingSmartCameraLiteDemo-resources-${CONFIGURATION}-output-files.xcfilelist",
			);
			runOnlyForDeploymentPostprocessing = 0;
			shellPath = /bin/sh;
			shellScript = "\"${PODS_ROOT}/Target Support Files/Pods-ThingSmartCameraLiteDemo/Pods-ThingSmartCameraLiteDemo-resources.sh\"\n";
			showEnvVarsInLog = 0;
		};
		E9E32BFE6659849B78261424 /* [CP] Check Pods Manifest.lock */ = {
			isa = PBXShellScriptBuildPhase;
			buildActionMask = 2147483647;
			files = (
			);
			inputFileListPaths = (
			);
			inputPaths = (
				"${PODS_PODFILE_DIR_PATH}/Podfile.lock",
				"${PODS_ROOT}/Manifest.lock",
			);
			name = "[CP] Check Pods Manifest.lock";
			outputFileListPaths = (
			);
			outputPaths = (
				"$(DERIVED_FILE_DIR)/Pods-ThingSmartCameraLiteDemo-checkManifestLockResult.txt",
			);
			runOnlyForDeploymentPostprocessing = 0;
			shellPath = /bin/sh;
			shellScript = "diff \"${PODS_PODFILE_DIR_PATH}/Podfile.lock\" \"${PODS_ROOT}/Manifest.lock\" > /dev/null\nif [ $? != 0 ] ; then\n    # print error to STDERR\n    echo \"error: The sandbox is not in sync with the Podfile.lock. Run 'pod install' or update your CocoaPods installation.\" >&2\n    exit 1\nfi\n# This output is used by Xcode 'outputs' to avoid re-running this script phase.\necho \"SUCCESS\" > \"${SCRIPT_OUTPUT_FILE_0}\"\n";
			showEnvVarsInLog = 0;
		};
/* End PBXShellScriptBuildPhase section */

/* Begin PBXSourcesBuildPhase section */
		5404747F2D367377005018D6 /* Sources */ = {
			isa = PBXSourcesBuildPhase;
			buildActionMask = 2147483647;
			files = (
				540474B22D3674E2005018D6 /* ThingMqttManager.m in Sources */,
				540474B42D3674E2005018D6 /* ThingCameraLitePreviewViewController.m in Sources */,
				5404748E2D367377005018D6 /* ViewController.m in Sources */,
				540474B12D3674E2005018D6 /* aiot_mqtt_sign.c in Sources */,
				540474882D367377005018D6 /* AppDelegate.m in Sources */,
				540474992D367378005018D6 /* main.m in Sources */,
				540474B02D3674E2005018D6 /* ThingCameraLiteCloudViewController.m in Sources */,
				5404748B2D367377005018D6 /* SceneDelegate.m in Sources */,
			);
			runOnlyForDeploymentPostprocessing = 0;
		};
/* End PBXSourcesBuildPhase section */

/* Begin PBXVariantGroup section */
		5404748F2D367377005018D6 /* Main.storyboard */ = {
			isa = PBXVariantGroup;
			children = (
				540474902D367377005018D6 /* Base */,
			);
			name = Main.storyboard;
			sourceTree = "<group>";
		};
		540474942D367378005018D6 /* LaunchScreen.storyboard */ = {
			isa = PBXVariantGroup;
			children = (
				540474952D367378005018D6 /* Base */,
			);
			name = LaunchScreen.storyboard;
			sourceTree = "<group>";
		};
/* End PBXVariantGroup section */

/* Begin XCBuildConfiguration section */
		5404749A2D367378005018D6 /* Debug */ = {
			isa = XCBuildConfiguration;
			buildSettings = {
				ALWAYS_SEARCH_USER_PATHS = NO;
				ASSETCATALOG_COMPILER_GENERATE_SWIFT_ASSET_SYMBOL_EXTENSIONS = YES;
				CLANG_ANALYZER_NONNULL = YES;
				CLANG_ANALYZER_NUMBER_OBJECT_CONVERSION = YES_AGGRESSIVE;
				CLANG_CXX_LANGUAGE_STANDARD = "gnu++20";
				CLANG_ENABLE_MODULES = YES;
				CLANG_ENABLE_OBJC_ARC = YES;
				CLANG_ENABLE_OBJC_WEAK = YES;
				CLANG_WARN_BLOCK_CAPTURE_AUTORELEASING = YES;
				CLANG_WARN_BOOL_CONVERSION = YES;
				CLANG_WARN_COMMA = YES;
				CLANG_WARN_CONSTANT_CONVERSION = YES;
				CLANG_WARN_DEPRECATED_OBJC_IMPLEMENTATIONS = YES;
				CLANG_WARN_DIRECT_OBJC_ISA_USAGE = YES_ERROR;
				CLANG_WARN_DOCUMENTATION_COMMENTS = YES;
				CLANG_WARN_EMPTY_BODY = YES;
				CLANG_WARN_ENUM_CONVERSION = YES;
				CLANG_WARN_INFINITE_RECURSION = YES;
				CLANG_WARN_INT_CONVERSION = YES;
				CLANG_WARN_NON_LITERAL_NULL_CONVERSION = YES;
				CLANG_WARN_OBJC_IMPLICIT_RETAIN_SELF = YES;
				CLANG_WARN_OBJC_LITERAL_CONVERSION = YES;
				CLANG_WARN_OBJC_ROOT_CLASS = YES_ERROR;
				CLANG_WARN_QUOTED_INCLUDE_IN_FRAMEWORK_HEADER = YES;
				CLANG_WARN_RANGE_LOOP_ANALYSIS = YES;
				CLANG_WARN_STRICT_PROTOTYPES = YES;
				CLANG_WARN_SUSPICIOUS_MOVE = YES;
				CLANG_WARN_UNGUARDED_AVAILABILITY = YES_AGGRESSIVE;
				CLANG_WARN_UNREACHABLE_CODE = YES;
				CLANG_WARN__DUPLICATE_METHOD_MATCH = YES;
				COPY_PHASE_STRIP = NO;
				DEBUG_INFORMATION_FORMAT = dwarf;
				ENABLE_STRICT_OBJC_MSGSEND = YES;
				ENABLE_TESTABILITY = YES;
				ENABLE_USER_SCRIPT_SANDBOXING = YES;
				GCC_C_LANGUAGE_STANDARD = gnu17;
				GCC_DYNAMIC_NO_PIC = NO;
				GCC_NO_COMMON_BLOCKS = YES;
				GCC_OPTIMIZATION_LEVEL = 0;
				GCC_PREPROCESSOR_DEFINITIONS = (
					"DEBUG=1",
					"$(inherited)",
				);
				GCC_WARN_64_TO_32_BIT_CONVERSION = YES;
				GCC_WARN_ABOUT_RETURN_TYPE = YES_ERROR;
				GCC_WARN_UNDECLARED_SELECTOR = YES;
				GCC_WARN_UNINITIALIZED_AUTOS = YES_AGGRESSIVE;
				GCC_WARN_UNUSED_FUNCTION = YES;
				GCC_WARN_UNUSED_VARIABLE = YES;
				IPHONEOS_DEPLOYMENT_TARGET = 17.5;
				LOCALIZATION_PREFERS_STRING_CATALOGS = YES;
				MTL_ENABLE_DEBUG_INFO = INCLUDE_SOURCE;
				MTL_FAST_MATH = YES;
				ONLY_ACTIVE_ARCH = YES;
				SDKROOT = iphoneos;
			};
			name = Debug;
		};
		5404749B2D367378005018D6 /* Release */ = {
			isa = XCBuildConfiguration;
			buildSettings = {
				ALWAYS_SEARCH_USER_PATHS = NO;
				ASSETCATALOG_COMPILER_GENERATE_SWIFT_ASSET_SYMBOL_EXTENSIONS = YES;
				CLANG_ANALYZER_NONNULL = YES;
				CLANG_ANALYZER_NUMBER_OBJECT_CONVERSION = YES_AGGRESSIVE;
				CLANG_CXX_LANGUAGE_STANDARD = "gnu++20";
				CLANG_ENABLE_MODULES = YES;
				CLANG_ENABLE_OBJC_ARC = YES;
				CLANG_ENABLE_OBJC_WEAK = YES;
				CLANG_WARN_BLOCK_CAPTURE_AUTORELEASING = YES;
				CLANG_WARN_BOOL_CONVERSION = YES;
				CLANG_WARN_COMMA = YES;
				CLANG_WARN_CONSTANT_CONVERSION = YES;
				CLANG_WARN_DEPRECATED_OBJC_IMPLEMENTATIONS = YES;
				CLANG_WARN_DIRECT_OBJC_ISA_USAGE = YES_ERROR;
				CLANG_WARN_DOCUMENTATION_COMMENTS = YES;
				CLANG_WARN_EMPTY_BODY = YES;
				CLANG_WARN_ENUM_CONVERSION = YES;
				CLANG_WARN_INFINITE_RECURSION = YES;
				CLANG_WARN_INT_CONVERSION = YES;
				CLANG_WARN_NON_LITERAL_NULL_CONVERSION = YES;
				CLANG_WARN_OBJC_IMPLICIT_RETAIN_SELF = YES;
				CLANG_WARN_OBJC_LITERAL_CONVERSION = YES;
				CLANG_WARN_OBJC_ROOT_CLASS = YES_ERROR;
				CLANG_WARN_QUOTED_INCLUDE_IN_FRAMEWORK_HEADER = YES;
				CLANG_WARN_RANGE_LOOP_ANALYSIS = YES;
				CLANG_WARN_STRICT_PROTOTYPES = YES;
				CLANG_WARN_SUSPICIOUS_MOVE = YES;
				CLANG_WARN_UNGUARDED_AVAILABILITY = YES_AGGRESSIVE;
				CLANG_WARN_UNREACHABLE_CODE = YES;
				CLANG_WARN__DUPLICATE_METHOD_MATCH = YES;
				COPY_PHASE_STRIP = NO;
				DEBUG_INFORMATION_FORMAT = "dwarf-with-dsym";
				ENABLE_NS_ASSERTIONS = NO;
				ENABLE_STRICT_OBJC_MSGSEND = YES;
				ENABLE_USER_SCRIPT_SANDBOXING = YES;
				GCC_C_LANGUAGE_STANDARD = gnu17;
				GCC_NO_COMMON_BLOCKS = YES;
				GCC_WARN_64_TO_32_BIT_CONVERSION = YES;
				GCC_WARN_ABOUT_RETURN_TYPE = YES_ERROR;
				GCC_WARN_UNDECLARED_SELECTOR = YES;
				GCC_WARN_UNINITIALIZED_AUTOS = YES_AGGRESSIVE;
				GCC_WARN_UNUSED_FUNCTION = YES;
				GCC_WARN_UNUSED_VARIABLE = YES;
				IPHONEOS_DEPLOYMENT_TARGET = 17.5;
				LOCALIZATION_PREFERS_STRING_CATALOGS = YES;
				MTL_ENABLE_DEBUG_INFO = NO;
				MTL_FAST_MATH = YES;
				SDKROOT = iphoneos;
				VALIDATE_PRODUCT = YES;
			};
			name = Release;
		};
		5404749D2D367378005018D6 /* Debug */ = {
			isa = XCBuildConfiguration;
			baseConfigurationReference = 32A62026F60487230A1323A1 /* Pods-ThingSmartCameraLiteDemo.debug.xcconfig */;
			buildSettings = {
				"ARCHS[sdk=iphoneos*]" = arm64;
				ASSETCATALOG_COMPILER_APPICON_NAME = AppIcon;
				ASSETCATALOG_COMPILER_GLOBAL_ACCENT_COLOR_NAME = AccentColor;
				CODE_SIGN_STYLE = Automatic;
				CURRENT_PROJECT_VERSION = 1;
				DEVELOPMENT_TEAM = DWPHVGUZ22;
				ENABLE_BITCODE = NO;
				ENABLE_USER_SCRIPT_SANDBOXING = NO;
				"EXCLUDED_ARCHS[sdk=iphonesimulator*]" = arm64;
				GENERATE_INFOPLIST_FILE = YES;
				INFOPLIST_FILE = ThingSmartCameraLiteDemo/Info.plist;
				INFOPLIST_KEY_UIApplicationSupportsIndirectInputEvents = YES;
				INFOPLIST_KEY_UILaunchStoryboardName = LaunchScreen;
				INFOPLIST_KEY_UIMainStoryboardFile = Main;
				INFOPLIST_KEY_UISupportedInterfaceOrientations_iPad = "UIInterfaceOrientationPortrait UIInterfaceOrientationPortraitUpsideDown UIInterfaceOrientationLandscapeLeft UIInterfaceOrientationLandscapeRight";
				INFOPLIST_KEY_UISupportedInterfaceOrientations_iPhone = "UIInterfaceOrientationPortrait UIInterfaceOrientationLandscapeLeft UIInterfaceOrientationLandscapeRight";
				LD_RUNPATH_SEARCH_PATHS = (
					"$(inherited)",
					"@executable_path/Frameworks",
				);
				MARKETING_VERSION = 1.0;
				PRODUCT_BUNDLE_IDENTIFIER = com.tuya.smart.ThingSmartCameraLiteDemo;
				PRODUCT_NAME = "$(TARGET_NAME)";
				SWIFT_EMIT_LOC_STRINGS = YES;
				TARGETED_DEVICE_FAMILY = "1,2";
			};
			name = Debug;
		};
		5404749E2D367378005018D6 /* Release */ = {
			isa = XCBuildConfiguration;
			baseConfigurationReference = EEA53143C39D3F589CB6D848 /* Pods-ThingSmartCameraLiteDemo.release.xcconfig */;
			buildSettings = {
				"ARCHS[sdk=iphoneos*]" = arm64;
				ASSETCATALOG_COMPILER_APPICON_NAME = AppIcon;
				ASSETCATALOG_COMPILER_GLOBAL_ACCENT_COLOR_NAME = AccentColor;
				CODE_SIGN_STYLE = Automatic;
				CURRENT_PROJECT_VERSION = 1;
				DEVELOPMENT_TEAM = DWPHVGUZ22;
				ENABLE_BITCODE = NO;
				ENABLE_USER_SCRIPT_SANDBOXING = NO;
				"EXCLUDED_ARCHS[sdk=iphonesimulator*]" = arm64;
				GENERATE_INFOPLIST_FILE = YES;
				INFOPLIST_FILE = ThingSmartCameraLiteDemo/Info.plist;
				INFOPLIST_KEY_UIApplicationSupportsIndirectInputEvents = YES;
				INFOPLIST_KEY_UILaunchStoryboardName = LaunchScreen;
				INFOPLIST_KEY_UIMainStoryboardFile = Main;
				INFOPLIST_KEY_UISupportedInterfaceOrientations_iPad = "UIInterfaceOrientationPortrait UIInterfaceOrientationPortraitUpsideDown UIInterfaceOrientationLandscapeLeft UIInterfaceOrientationLandscapeRight";
				INFOPLIST_KEY_UISupportedInterfaceOrientations_iPhone = "UIInterfaceOrientationPortrait UIInterfaceOrientationLandscapeLeft UIInterfaceOrientationLandscapeRight";
				LD_RUNPATH_SEARCH_PATHS = (
					"$(inherited)",
					"@executable_path/Frameworks",
				);
				MARKETING_VERSION = 1.0;
				PRODUCT_BUNDLE_IDENTIFIER = com.tuya.smart.ThingSmartCameraLiteDemo;
				PRODUCT_NAME = "$(TARGET_NAME)";
				SWIFT_EMIT_LOC_STRINGS = YES;
				TARGETED_DEVICE_FAMILY = "1,2";
			};
			name = Release;
		};
/* End XCBuildConfiguration section */

/* Begin XCConfigurationList section */
		5404747E2D367377005018D6 /* Build configuration list for PBXProject "ThingSmartCameraLiteDemo" */ = {
			isa = XCConfigurationList;
			buildConfigurations = (
				5404749A2D367378005018D6 /* Debug */,
				5404749B2D367378005018D6 /* Release */,
			);
			defaultConfigurationIsVisible = 0;
			defaultConfigurationName = Release;
		};
		5404749C2D367378005018D6 /* Build configuration list for PBXNativeTarget "ThingSmartCameraLiteDemo" */ = {
			isa = XCConfigurationList;
			buildConfigurations = (
				5404749D2D367378005018D6 /* Debug */,
				5404749E2D367378005018D6 /* Release */,
			);
			defaultConfigurationIsVisible = 0;
			defaultConfigurationName = Release;
		};
/* End XCConfigurationList section */
	};
	rootObject = 5404747B2D367377005018D6 /* Project object */;
}
